// !$*UTF8*$!
{
	archiveVersion = 1;
	classes = {
	};
	objectVersion = 46;
	objects = {

/* Begin PBXBuildFile section */
		7252698D18E285100011F1B7 /* HW8_ExtraCredit.1 in CopyFiles */ = {isa = PBXBuildFile; fileRef = 7252698C18E285100011F1B7 /* HW8_ExtraCredit.1 */; };
		7252699418E2854B0011F1B7 /* HW8_ExtraCredit.cpp in Sources */ = {isa = PBXBuildFile; fileRef = 7252699318E2854B0011F1B7 /* HW8_ExtraCredit.cpp */; };
		725269A118E2942A0011F1B7 /* libopencv_calib3d.dylib in Frameworks */ = {isa = PBXBuildFile; fileRef = 7252699718E2942A0011F1B7 /* libopencv_calib3d.dylib */; };
		725269A218E2942A0011F1B7 /* libopencv_core.dylib in Frameworks */ = {isa = PBXBuildFile; fileRef = 7252699818E2942A0011F1B7 /* libopencv_core.dylib */; };
		725269A318E2942A0011F1B7 /* libopencv_features2d.dylib in Frameworks */ = {isa = PBXBuildFile; fileRef = 7252699918E2942A0011F1B7 /* libopencv_features2d.dylib */; };
		725269A418E2942A0011F1B7 /* libopencv_flann.dylib in Frameworks */ = {isa = PBXBuildFile; fileRef = 7252699A18E2942A0011F1B7 /* libopencv_flann.dylib */; };
		725269A518E2942A0011F1B7 /* libopencv_highgui.dylib in Frameworks */ = {isa = PBXBuildFile; fileRef = 7252699B18E2942A0011F1B7 /* libopencv_highgui.dylib */; };
		725269A618E2942A0011F1B7 /* libopencv_imgproc.dylib in Frameworks */ = {isa = PBXBuildFile; fileRef = 7252699C18E2942A0011F1B7 /* libopencv_imgproc.dylib */; };
		725269A718E2942A0011F1B7 /* libopencv_nonfree.dylib in Frameworks */ = {isa = PBXBuildFile; fileRef = 7252699D18E2942A0011F1B7 /* libopencv_nonfree.dylib */; };
		725269A818E2942A0011F1B7 /* libopencv_objdetect.dylib in Frameworks */ = {isa = PBXBuildFile; fileRef = 7252699E18E2942A0011F1B7 /* libopencv_objdetect.dylib */; };
		725269A918E2942A0011F1B7 /* libopencv_photo.dylib in Frameworks */ = {isa = PBXBuildFile; fileRef = 7252699F18E2942A0011F1B7 /* libopencv_photo.dylib */; };
		725269AA18E2942A0011F1B7 /* libopencv_stitching.dylib in Frameworks */ = {isa = PBXBuildFile; fileRef = 725269A018E2942A0011F1B7 /* libopencv_stitching.dylib */; };
		725269C218E296320011F1B7 /* libopencv_video.dylib in Frameworks */ = {isa = PBXBuildFile; fileRef = 725269C118E296320011F1B7 /* libopencv_video.dylib */; };
/* End PBXBuildFile section */

/* Begin PBXCopyFilesBuildPhase section */
		7252698518E285100011F1B7 /* CopyFiles */ = {
			isa = PBXCopyFilesBuildPhase;
			buildActionMask = 2147483647;
			dstPath = /usr/share/man/man1/;
			dstSubfolderSpec = 0;
			files = (
				7252698D18E285100011F1B7 /* HW8_ExtraCredit.1 in CopyFiles */,
			);
			runOnlyForDeploymentPostprocessing = 1;
		};
/* End PBXCopyFilesBuildPhase section */

/* Begin PBXFileReference section */
		7252698718E285100011F1B7 /* HW8_ExtraCredit */ = {isa = PBXFileReference; explicitFileType = "compiled.mach-o.executable"; includeInIndex = 0; path = HW8_ExtraCredit; sourceTree = BUILT_PRODUCTS_DIR; };
		7252698C18E285100011F1B7 /* HW8_ExtraCredit.1 */ = {isa = PBXFileReference; lastKnownFileType = text.man; path = HW8_ExtraCredit.1; sourceTree = "<group>"; };
		7252699318E2854B0011F1B7 /* HW8_ExtraCredit.cpp */ = {isa = PBXFileReference; fileEncoding = 4; lastKnownFileType = sourcecode.cpp.cpp; path = HW8_ExtraCredit.cpp; sourceTree = "<group>"; };
		7252699718E2942A0011F1B7 /* libopencv_calib3d.dylib */ = {isa = PBXFileReference; lastKnownFileType = "compiled.mach-o.dylib"; name = libopencv_calib3d.dylib; path = ../../../../../../usr/local/Cellar/opencv/2.4.7.1/lib/libopencv_calib3d.dylib; sourceTree = "<group>"; };
		7252699818E2942A0011F1B7 /* libopencv_core.dylib */ = {isa = PBXFileReference; lastKnownFileType = "compiled.mach-o.dylib"; name = libopencv_core.dylib; path = ../../../../../../usr/local/Cellar/opencv/2.4.7.1/lib/libopencv_core.dylib; sourceTree = "<group>"; };
		7252699918E2942A0011F1B7 /* libopencv_features2d.dylib */ = {isa = PBXFileReference; lastKnownFileType = "compiled.mach-o.dylib"; name = libopencv_features2d.dylib; path = ../../../../../../usr/local/Cellar/opencv/2.4.7.1/lib/libopencv_features2d.dylib; sourceTree = "<group>"; };
		7252699A18E2942A0011F1B7 /* libopencv_flann.dylib */ = {isa = PBXFileReference; lastKnownFileType = "compiled.mach-o.dylib"; name = libopencv_flann.dylib; path = ../../../../../../usr/local/Cellar/opencv/2.4.7.1/lib/libopencv_flann.dylib; sourceTree = "<group>"; };
		7252699B18E2942A0011F1B7 /* libopencv_highgui.dylib */ = {isa = PBXFileReference; lastKnownFileType = "compiled.mach-o.dylib"; name = libopencv_highgui.dylib; path = ../../../../../../usr/local/Cellar/opencv/2.4.7.1/lib/libopencv_highgui.dylib; sourceTree = "<group>"; };
		7252699C18E2942A0011F1B7 /* libopencv_imgproc.dylib */ = {isa = PBXFileReference; lastKnownFileType = "compiled.mach-o.dylib"; name = libopencv_imgproc.dylib; path = ../../../../../../usr/local/Cellar/opencv/2.4.7.1/lib/libopencv_imgproc.dylib; sourceTree = "<group>"; };
		7252699D18E2942A0011F1B7 /* libopencv_nonfree.dylib */ = {isa = PBXFileReference; lastKnownFileType = "compiled.mach-o.dylib"; name = libopencv_nonfree.dylib; path = ../../../../../../usr/local/Cellar/opencv/2.4.7.1/lib/libopencv_nonfree.dylib; sourceTree = "<group>"; };
		7252699E18E2942A0011F1B7 /* libopencv_objdetect.dylib */ = {isa = PBXFileReference; lastKnownFileType = "compiled.mach-o.dylib"; name = libopencv_objdetect.dylib; path = ../../../../../../usr/local/Cellar/opencv/2.4.7.1/lib/libopencv_objdetect.dylib; sourceTree = "<group>"; };
		7252699F18E2942A0011F1B7 /* libopencv_photo.dylib */ = {isa = PBXFileReference; lastKnownFileType = "compiled.mach-o.dylib"; name = libopencv_photo.dylib; path = ../../../../../../usr/local/Cellar/opencv/2.4.7.1/lib/libopencv_photo.dylib; sourceTree = "<group>"; };
		725269A018E2942A0011F1B7 /* libopencv_stitching.dylib */ = {isa = PBXFileReference; lastKnownFileType = "compiled.mach-o.dylib"; name = libopencv_stitching.dylib; path = ../../../../../../usr/local/Cellar/opencv/2.4.7.1/lib/libopencv_stitching.dylib; sourceTree = "<group>"; };
		725269C118E296320011F1B7 /* libopencv_video.dylib */ = {isa = PBXFileReference; lastKnownFileType = "compiled.mach-o.dylib"; name = libopencv_video.dylib; path = ../../../../../../usr/local/Cellar/opencv/2.4.7.1/lib/libopencv_video.dylib; sourceTree = "<group>"; };
/* End PBXFileReference section */

/* Begin PBXFrameworksBuildPhase section */
		7252698418E285100011F1B7 /* Frameworks */ = {
			isa = PBXFrameworksBuildPhase;
			buildActionMask = 2147483647;
			files = (
				725269A118E2942A0011F1B7 /* libopencv_calib3d.dylib in Frameworks */,
				725269A218E2942A0011F1B7 /* libopencv_core.dylib in Frameworks */,
				725269A318E2942A0011F1B7 /* libopencv_features2d.dylib in Frameworks */,
				725269A418E2942A0011F1B7 /* libopencv_flann.dylib in Frameworks */,
				725269A518E2942A0011F1B7 /* libopencv_highgui.dylib in Frameworks */,
				725269A618E2942A0011F1B7 /* libopencv_imgproc.dylib in Frameworks */,
				725269A718E2942A0011F1B7 /* libopencv_nonfree.dylib in Frameworks */,
				725269A818E2942A0011F1B7 /* libopencv_objdetect.dylib in Frameworks */,
				725269A918E2942A0011F1B7 /* libopencv_photo.dylib in Frameworks */,
				725269AA18E2942A0011F1B7 /* libopencv_stitching.dylib in Frameworks */,
				725269C218E296320011F1B7 /* libopencv_video.dylib in Frameworks */,
			);
			runOnlyForDeploymentPostprocessing = 0;
		};
/* End PBXFrameworksBuildPhase section */

/* Begin PBXGroup section */
		7252697E18E285100011F1B7 = {
			isa = PBXGroup;
			children = (
				725269C118E296320011F1B7 /* libopencv_video.dylib */,
				7252699718E2942A0011F1B7 /* libopencv_calib3d.dylib */,
				7252699818E2942A0011F1B7 /* libopencv_core.dylib */,
				7252699918E2942A0011F1B7 /* libopencv_features2d.dylib */,
				7252699A18E2942A0011F1B7 /* libopencv_flann.dylib */,
				7252699B18E2942A0011F1B7 /* libopencv_highgui.dylib */,
				7252699C18E2942A0011F1B7 /* libopencv_imgproc.dylib */,
				7252699D18E2942A0011F1B7 /* libopencv_nonfree.dylib */,
				7252699E18E2942A0011F1B7 /* libopencv_objdetect.dylib */,
				7252699F18E2942A0011F1B7 /* libopencv_photo.dylib */,
				725269A018E2942A0011F1B7 /* libopencv_stitching.dylib */,
				7252698918E285100011F1B7 /* HW8_ExtraCredit */,
				7252698818E285100011F1B7 /* Products */,
			);
			sourceTree = "<group>";
		};
		7252698818E285100011F1B7 /* Products */ = {
			isa = PBXGroup;
			children = (
				7252698718E285100011F1B7 /* HW8_ExtraCredit */,
			);
			name = Products;
			sourceTree = "<group>";
		};
		7252698918E285100011F1B7 /* HW8_ExtraCredit */ = {
			isa = PBXGroup;
			children = (
				7252699318E2854B0011F1B7 /* HW8_ExtraCredit.cpp */,
				7252698C18E285100011F1B7 /* HW8_ExtraCredit.1 */,
			);
			path = HW8_ExtraCredit;
			sourceTree = "<group>";
		};
/* End PBXGroup section */

/* Begin PBXNativeTarget section */
		7252698618E285100011F1B7 /* HW8_ExtraCredit */ = {
			isa = PBXNativeTarget;
			buildConfigurationList = 7252699018E285100011F1B7 /* Build configuration list for PBXNativeTarget "HW8_ExtraCredit" */;
			buildPhases = (
				7252698318E285100011F1B7 /* Sources */,
				7252698418E285100011F1B7 /* Frameworks */,
				7252698518E285100011F1B7 /* CopyFiles */,
			);
			buildRules = (
			);
			dependencies = (
			);
			name = HW8_ExtraCredit;
			productName = HW8_ExtraCredit;
			productReference = 7252698718E285100011F1B7 /* HW8_ExtraCredit */;
			productType = "com.apple.product-type.tool";
		};
/* End PBXNativeTarget section */

/* Begin PBXProject section */
		7252697F18E285100011F1B7 /* Project object */ = {
			isa = PBXProject;
			attributes = {
				LastUpgradeCheck = 0510;
				ORGANIZATIONNAME = "Donald Johnson";
			};
			buildConfigurationList = 7252698218E285100011F1B7 /* Build configuration list for PBXProject "HW8_ExtraCredit" */;
			compatibilityVersion = "Xcode 3.2";
			developmentRegion = English;
			hasScannedForEncodings = 0;
			knownRegions = (
				en,
			);
			mainGroup = 7252697E18E285100011F1B7;
			productRefGroup = 7252698818E285100011F1B7 /* Products */;
			projectDirPath = "";
			projectRoot = "";
			targets = (
				7252698618E285100011F1B7 /* HW8_ExtraCredit */,
			);
		};
/* End PBXProject section */

/* Begin PBXSourcesBuildPhase section */
		7252698318E285100011F1B7 /* Sources */ = {
			isa = PBXSourcesBuildPhase;
			buildActionMask = 2147483647;
			files = (
				7252699418E2854B0011F1B7 /* HW8_ExtraCredit.cpp in Sources */,
			);
			runOnlyForDeploymentPostprocessing = 0;
		};
/* End PBXSourcesBuildPhase section */

/* Begin XCBuildConfiguration section */
		7252698E18E285100011F1B7 /* Debug */ = {
			isa = XCBuildConfiguration;
			buildSettings = {
				ALWAYS_SEARCH_USER_PATHS = NO;
				CLANG_CXX_LANGUAGE_STANDARD = "gnu++0x";
				CLANG_CXX_LIBRARY = "libc++";
				CLANG_ENABLE_MODULES = YES;
				CLANG_ENABLE_OBJC_ARC = YES;
				CLANG_WARN_BOOL_CONVERSION = YES;
				CLANG_WARN_CONSTANT_CONVERSION = YES;
				CLANG_WARN_DIRECT_OBJC_ISA_USAGE = YES_ERROR;
				CLANG_WARN_EMPTY_BODY = YES;
				CLANG_WARN_ENUM_CONVERSION = YES;
				CLANG_WARN_INT_CONVERSION = YES;
				CLANG_WARN_OBJC_ROOT_CLASS = YES_ERROR;
				CLANG_WARN__DUPLICATE_METHOD_MATCH = YES;
				COPY_PHASE_STRIP = NO;
				GCC_C_LANGUAGE_STANDARD = gnu99;
				GCC_DYNAMIC_NO_PIC = NO;
				GCC_ENABLE_OBJC_EXCEPTIONS = YES;
				GCC_OPTIMIZATION_LEVEL = 0;
				GCC_PREPROCESSOR_DEFINITIONS = (
					"DEBUG=1",
					"$(inherited)",
				);
				GCC_SYMBOLS_PRIVATE_EXTERN = NO;
				GCC_WARN_64_TO_32_BIT_CONVERSION = YES;
				GCC_WARN_ABOUT_RETURN_TYPE = YES_ERROR;
				GCC_WARN_UNDECLARED_SELECTOR = YES;
				GCC_WARN_UNINITIALIZED_AUTOS = YES_AGGRESSIVE;
				GCC_WARN_UNUSED_FUNCTION = YES;
				GCC_WARN_UNUSED_VARIABLE = YES;
				MACOSX_DEPLOYMENT_TARGET = 10.9;
				ONLY_ACTIVE_ARCH = YES;
				SDKROOT = macosx;
			};
			name = Debug;
		};
		7252698F18E285100011F1B7 /* Release */ = {
			isa = XCBuildConfiguration;
			buildSettings = {
				ALWAYS_SEARCH_USER_PATHS = NO;
				CLANG_CXX_LANGUAGE_STANDARD = "gnu++0x";
				CLANG_CXX_LIBRARY = "libc++";
				CLANG_ENABLE_MODULES = YES;
				CLANG_ENABLE_OBJC_ARC = YES;
				CLANG_WARN_BOOL_CONVERSION = YES;
				CLANG_WARN_CONSTANT_CONVERSION = YES;
				CLANG_WARN_DIRECT_OBJC_ISA_USAGE = YES_ERROR;
				CLANG_WARN_EMPTY_BODY = YES;
				CLANG_WARN_ENUM_CONVERSION = YES;
				CLANG_WARN_INT_CONVERSION = YES;
				CLANG_WARN_OBJC_ROOT_CLASS = YES_ERROR;
				CLANG_WARN__DUPLICATE_METHOD_MATCH = YES;
				COPY_PHASE_STRIP = YES;
				DEBUG_INFORMATION_FORMAT = "dwarf-with-dsym";
				ENABLE_NS_ASSERTIONS = NO;
				GCC_C_LANGUAGE_STANDARD = gnu99;
				GCC_ENABLE_OBJC_EXCEPTIONS = YES;
				GCC_WARN_64_TO_32_BIT_CONVERSION = YES;
				GCC_WARN_ABOUT_RETURN_TYPE = YES_ERROR;
				GCC_WARN_UNDECLARED_SELECTOR = YES;
				GCC_WARN_UNINITIALIZED_AUTOS = YES_AGGRESSIVE;
				GCC_WARN_UNUSED_FUNCTION = YES;
				GCC_WARN_UNUSED_VARIABLE = YES;
				MACOSX_DEPLOYMENT_TARGET = 10.9;
				SDKROOT = macosx;
			};
			name = Release;
		};
		7252699118E285100011F1B7 /* Debug */ = {
			isa = XCBuildConfiguration;
			buildSettings = {
				HEADER_SEARCH_PATHS = /usr/local/Cellar/opencv/2.4.7.1/include;
				LIBRARY_SEARCH_PATHS = /usr/local/Cellar/opencv/2.4.7.1/lib;
				PRODUCT_NAME = "$(TARGET_NAME)";
			};
			name = Debug;
		};
		7252699218E285100011F1B7 /* Release */ = {
			isa = XCBuildConfiguration;
			buildSettings = {
				HEADER_SEARCH_PATHS = /usr/local/Cellar/opencv/2.4.7.1/include;
				LIBRARY_SEARCH_PATHS = /usr/local/Cellar/opencv/2.4.7.1/lib;
				PRODUCT_NAME = "$(TARGET_NAME)";
			};
			name = Release;
		};
/* End XCBuildConfiguration section */

/* Begin XCConfigurationList section */
		7252698218E285100011F1B7 /* Build configuration list for PBXProject "HW8_ExtraCredit" */ = {
			isa = XCConfigurationList;
			buildConfigurations = (
				7252698E18E285100011F1B7 /* Debug */,
				7252698F18E285100011F1B7 /* Release */,
			);
			defaultConfigurationIsVisible = 0;
			defaultConfigurationName = Release;
		};
		7252699018E285100011F1B7 /* Build configuration list for PBXNativeTarget "HW8_ExtraCredit" */ = {
			isa = XCConfigurationList;
			buildConfigurations = (
				7252699118E285100011F1B7 /* Debug */,
				7252699218E285100011F1B7 /* Release */,
			);
			defaultConfigurationIsVisible = 0;
		};
/* End XCConfigurationList section */
	};
	rootObject = 7252697F18E285100011F1B7 /* Project object */;
}
