
Microsoft Visual Studio Solution File, Format Version 12.00
# Visual Studio 2012
Project("{8BC9CEB8-8B4A-11D0-8D11-00A0C91BC942}") = "Assignment1", "Assignment1\Assignment1.vcxproj", "{B8268299-3E33-450B-A97C-14F84887F94C}"
EndProject
Project("{8BC9CEB8-8B4A-11D0-8D11-00A0C91BC942}") = "Lab1_Part2", "Lab1_Part2\Lab1_Part2.vcxproj", "{877F8EC8-91A3-46FC-AADB-9AE0AB016638}"
EndProject
Project("{8BC9CEB8-8B4A-11D0-8D11-00A0C91BC942}") = "Lab1_Part1", "Lab1_Part1\Lab1_Part1.vcxproj", "{4F7757F0-6264-46DE-9750-BB24D3F8AA8C}"
EndProject
Project("{8BC9CEB8-8B4A-11D0-8D11-00A0C91BC942}") = "Lab1_Part1", "Lab1_Part0\Lab1_Part0.vcxproj", "{6AA384A3-5166-47A3-9344-F5836599B646}"
EndProject
Global
	GlobalSection(SolutionConfigurationPlatforms) = preSolution
		Debug|Win32 = Debug|Win32
		Release|Win32 = Release|Win32
	EndGlobalSection
	GlobalSection(ProjectConfigurationPlatforms) = postSolution
		{B8268299-3E33-450B-A97C-14F84887F94C}.Debug|Win32.ActiveCfg = Debug|Win32
		{B8268299-3E33-450B-A97C-14F84887F94C}.Debug|Win32.Build.0 = Debug|Win32
		{B8268299-3E33-450B-A97C-14F84887F94C}.Release|Win32.ActiveCfg = Release|Win32
		{B8268299-3E33-450B-A97C-14F84887F94C}.Release|Win32.Build.0 = Release|Win32
		{877F8EC8-91A3-46FC-AADB-9AE0AB016638}.Debug|Win32.ActiveCfg = Debug|Win32
		{877F8EC8-91A3-46FC-AADB-9AE0AB016638}.Debug|Win32.Build.0 = Debug|Win32
		{877F8EC8-91A3-46FC-AADB-9AE0AB016638}.Release|Win32.ActiveCfg = Release|Win32
		{877F8EC8-91A3-46FC-AADB-9AE0AB016638}.Release|Win32.Build.0 = Release|Win32
		{4F7757F0-6264-46DE-9750-BB24D3F8AA8C}.Debug|Win32.ActiveCfg = Debug|Win32
		{4F7757F0-6264-46DE-9750-BB24D3F8AA8C}.Debug|Win32.Build.0 = Debug|Win32
		{4F7757F0-6264-46DE-9750-BB24D3F8AA8C}.Release|Win32.ActiveCfg = Release|Win32
		{4F7757F0-6264-46DE-9750-BB24D3F8AA8C}.Release|Win32.Build.0 = Release|Win32
		{6AA384A3-5166-47A3-9344-F5836599B646}.Debug|Win32.ActiveCfg = Debug|Win32
		{6AA384A3-5166-47A3-9344-F5836599B646}.Debug|Win32.Build.0 = Debug|Win32
		{6AA384A3-5166-47A3-9344-F5836599B646}.Release|Win32.ActiveCfg = Release|Win32
		{6AA384A3-5166-47A3-9344-F5836599B646}.Release|Win32.Build.0 = Release|Win32
	EndGlobalSection
	GlobalSection(SolutionProperties) = preSolution
		HideSolutionNode = FALSE
	EndGlobalSection
EndGlobal
