// !$*UTF8*$!
{
	archiveVersion = 1;
	classes = {
	};
	objectVersion = 46;
	objects = {

/* Begin PBXBuildFile section */
		72951E3F190C005A00618A74 /* libboost_filesystem.dylib in Frameworks */ = {isa = PBXBuildFile; fileRef = 72951E3D190C005A00618A74 /* libboost_filesystem.dylib */; };
		72951E40190C005A00618A74 /* libboost_system.dylib in Frameworks */ = {isa = PBXBuildFile; fileRef = 72951E3E190C005A00618A74 /* libboost_system.dylib */; };
		72951E44190C08D700618A74 /* Archive.o in Frameworks */ = {isa = PBXBuildFile; fileRef = 72951E43190C08D700618A74 /* Archive.o */; };
		72951E60190C095E00618A74 /* libboost_atomic.dylib in Frameworks */ = {isa = PBXBuildFile; fileRef = 72951E47190C095E00618A74 /* libboost_atomic.dylib */; };
		72951E61190C095E00618A74 /* libboost_chrono.dylib in Frameworks */ = {isa = PBXBuildFile; fileRef = 72951E48190C095E00618A74 /* libboost_chrono.dylib */; };
		72951E62190C095E00618A74 /* libboost_context.dylib in Frameworks */ = {isa = PBXBuildFile; fileRef = 72951E49190C095E00618A74 /* libboost_context.dylib */; };
		72951E63190C095E00618A74 /* libboost_date_time.dylib in Frameworks */ = {isa = PBXBuildFile; fileRef = 72951E4A190C095E00618A74 /* libboost_date_time.dylib */; };
		72951E64190C095E00618A74 /* libboost_graph.dylib in Frameworks */ = {isa = PBXBuildFile; fileRef = 72951E4B190C095E00618A74 /* libboost_graph.dylib */; };
		72951E65190C095E00618A74 /* libboost_iostreams.dylib in Frameworks */ = {isa = PBXBuildFile; fileRef = 72951E4C190C095E00618A74 /* libboost_iostreams.dylib */; };
		72951E66190C095E00618A74 /* libboost_locale.dylib in Frameworks */ = {isa = PBXBuildFile; fileRef = 72951E4D190C095E00618A74 /* libboost_locale.dylib */; };
		72951E67190C095E00618A74 /* libboost_math_c99.dylib in Frameworks */ = {isa = PBXBuildFile; fileRef = 72951E4E190C095E00618A74 /* libboost_math_c99.dylib */; };
		72951E68190C095E00618A74 /* libboost_math_c99f.dylib in Frameworks */ = {isa = PBXBuildFile; fileRef = 72951E4F190C095E00618A74 /* libboost_math_c99f.dylib */; };
		72951E69190C095E00618A74 /* libboost_math_c99l.dylib in Frameworks */ = {isa = PBXBuildFile; fileRef = 72951E50190C095E00618A74 /* libboost_math_c99l.dylib */; };
		72951E6A190C095E00618A74 /* libboost_math_tr1.dylib in Frameworks */ = {isa = PBXBuildFile; fileRef = 72951E51190C095E00618A74 /* libboost_math_tr1.dylib */; };
		72951E6B190C095E00618A74 /* libboost_math_tr1f.dylib in Frameworks */ = {isa = PBXBuildFile; fileRef = 72951E52190C095E00618A74 /* libboost_math_tr1f.dylib */; };
		72951E6C190C095E00618A74 /* libboost_math_tr1l.dylib in Frameworks */ = {isa = PBXBuildFile; fileRef = 72951E53190C095E00618A74 /* libboost_math_tr1l.dylib */; };
		72951E6D190C095E00618A74 /* libboost_prg_exec_monitor.dylib in Frameworks */ = {isa = PBXBuildFile; fileRef = 72951E54190C095E00618A74 /* libboost_prg_exec_monitor.dylib */; };
		72951E6E190C095E00618A74 /* libboost_program_options.dylib in Frameworks */ = {isa = PBXBuildFile; fileRef = 72951E55190C095E00618A74 /* libboost_program_options.dylib */; };
		72951E6F190C095E00618A74 /* libboost_python.dylib in Frameworks */ = {isa = PBXBuildFile; fileRef = 72951E56190C095E00618A74 /* libboost_python.dylib */; };
		72951E70190C095E00618A74 /* libboost_random.dylib in Frameworks */ = {isa = PBXBuildFile; fileRef = 72951E57190C095E00618A74 /* libboost_random.dylib */; };
		72951E71190C095E00618A74 /* libboost_regex.dylib in Frameworks */ = {isa = PBXBuildFile; fileRef = 72951E58190C095E00618A74 /* libboost_regex.dylib */; };
		72951E72190C095E00618A74 /* libboost_serialization.dylib in Frameworks */ = {isa = PBXBuildFile; fileRef = 72951E59190C095E00618A74 /* libboost_serialization.dylib */; };
		72951E73190C095E00618A74 /* libboost_signals.dylib in Frameworks */ = {isa = PBXBuildFile; fileRef = 72951E5A190C095E00618A74 /* libboost_signals.dylib */; };
		72951E74190C095E00618A74 /* libboost_thread.dylib in Frameworks */ = {isa = PBXBuildFile; fileRef = 72951E5B190C095E00618A74 /* libboost_thread.dylib */; };
		72951E75190C095E00618A74 /* libboost_timer.dylib in Frameworks */ = {isa = PBXBuildFile; fileRef = 72951E5C190C095E00618A74 /* libboost_timer.dylib */; };
		72951E76190C095E00618A74 /* libboost_unit_test_framework.dylib in Frameworks */ = {isa = PBXBuildFile; fileRef = 72951E5D190C095E00618A74 /* libboost_unit_test_framework.dylib */; };
		72951E77190C095E00618A74 /* libboost_wave.dylib in Frameworks */ = {isa = PBXBuildFile; fileRef = 72951E5E190C095E00618A74 /* libboost_wave.dylib */; };
		72951E78190C095E00618A74 /* libboost_wserialization.dylib in Frameworks */ = {isa = PBXBuildFile; fileRef = 72951E5F190C095E00618A74 /* libboost_wserialization.dylib */; };
		72A64F3219091D7E00BBBEFF /* main.cpp in Sources */ = {isa = PBXBuildFile; fileRef = 72A64F3119091D7E00BBBEFF /* main.cpp */; };
		72A64F3619091D9B00BBBEFF /* FloodFillMethods.cpp in Sources */ = {isa = PBXBuildFile; fileRef = 72A64F3419091D9B00BBBEFF /* FloodFillMethods.cpp */; };
		72A64F471909512D00BBBEFF /* libopencv_calib3d.dylib in Frameworks */ = {isa = PBXBuildFile; fileRef = 72A64F371909512D00BBBEFF /* libopencv_calib3d.dylib */; };
		72A64F481909512D00BBBEFF /* libopencv_contrib.dylib in Frameworks */ = {isa = PBXBuildFile; fileRef = 72A64F381909512D00BBBEFF /* libopencv_contrib.dylib */; };
		72A64F491909512D00BBBEFF /* libopencv_core.dylib in Frameworks */ = {isa = PBXBuildFile; fileRef = 72A64F391909512D00BBBEFF /* libopencv_core.dylib */; };
		72A64F4A1909512D00BBBEFF /* libopencv_flann.dylib in Frameworks */ = {isa = PBXBuildFile; fileRef = 72A64F3A1909512D00BBBEFF /* libopencv_flann.dylib */; };
		72A64F4B1909512D00BBBEFF /* libopencv_gpu.dylib in Frameworks */ = {isa = PBXBuildFile; fileRef = 72A64F3B1909512D00BBBEFF /* libopencv_gpu.dylib */; };
		72A64F4C1909512D00BBBEFF /* libopencv_highgui.dylib in Frameworks */ = {isa = PBXBuildFile; fileRef = 72A64F3C1909512D00BBBEFF /* libopencv_highgui.dylib */; };
		72A64F4D1909512D00BBBEFF /* libopencv_imgproc.dylib in Frameworks */ = {isa = PBXBuildFile; fileRef = 72A64F3D1909512D00BBBEFF /* libopencv_imgproc.dylib */; };
		72A64F4E1909512D00BBBEFF /* libopencv_legacy.dylib in Frameworks */ = {isa = PBXBuildFile; fileRef = 72A64F3E1909512D00BBBEFF /* libopencv_legacy.dylib */; };
		72A64F4F1909512D00BBBEFF /* libopencv_ml.dylib in Frameworks */ = {isa = PBXBuildFile; fileRef = 72A64F3F1909512D00BBBEFF /* libopencv_ml.dylib */; };
		72A64F501909512D00BBBEFF /* libopencv_nonfree.dylib in Frameworks */ = {isa = PBXBuildFile; fileRef = 72A64F401909512D00BBBEFF /* libopencv_nonfree.dylib */; };
		72A64F511909512D00BBBEFF /* libopencv_objdetect.dylib in Frameworks */ = {isa = PBXBuildFile; fileRef = 72A64F411909512D00BBBEFF /* libopencv_objdetect.dylib */; };
		72A64F521909512D00BBBEFF /* libopencv_ocl.dylib in Frameworks */ = {isa = PBXBuildFile; fileRef = 72A64F421909512D00BBBEFF /* libopencv_ocl.dylib */; };
		72A64F531909512D00BBBEFF /* libopencv_photo.dylib in Frameworks */ = {isa = PBXBuildFile; fileRef = 72A64F431909512D00BBBEFF /* libopencv_photo.dylib */; };
		72A64F541909512D00BBBEFF /* libopencv_stitching.dylib in Frameworks */ = {isa = PBXBuildFile; fileRef = 72A64F441909512D00BBBEFF /* libopencv_stitching.dylib */; };
		72A64F551909512D00BBBEFF /* libopencv_superres.dylib in Frameworks */ = {isa = PBXBuildFile; fileRef = 72A64F451909512D00BBBEFF /* libopencv_superres.dylib */; };
		72A64F561909512D00BBBEFF /* libopencv_video.dylib in Frameworks */ = {isa = PBXBuildFile; fileRef = 72A64F461909512D00BBBEFF /* libopencv_video.dylib */; };
/* End PBXBuildFile section */

/* Begin PBXCopyFilesBuildPhase section */
		72A64F2319091C9C00BBBEFF /* CopyFiles */ = {
			isa = PBXCopyFilesBuildPhase;
			buildActionMask = 2147483647;
			dstPath = /usr/share/man/man1/;
			dstSubfolderSpec = 0;
			files = (
			);
			runOnlyForDeploymentPostprocessing = 1;
		};
/* End PBXCopyFilesBuildPhase section */

/* Begin PBXFileReference section */
		72951E3D190C005A00618A74 /* libboost_filesystem.dylib */ = {isa = PBXFileReference; lastKnownFileType = "compiled.mach-o.dylib"; name = libboost_filesystem.dylib; path = /usr/local/packages/boost_1_53_0/lib/libboost_filesystem.dylib; sourceTree = "<absolute>"; };
		72951E3E190C005A00618A74 /* libboost_system.dylib */ = {isa = PBXFileReference; lastKnownFileType = "compiled.mach-o.dylib"; name = libboost_system.dylib; path = /usr/local/packages/boost_1_53_0/lib/libboost_system.dylib; sourceTree = "<absolute>"; };
		72951E43190C08D700618A74 /* Archive.o */ = {isa = PBXFileReference; lastKnownFileType = "compiled.mach-o.objfile"; name = Archive.o; path = "../../../../Library/Developer/Xcode/DerivedData/Morphology-gvlberuoixsztvdvjfgxbxxhhame/Build/Intermediates/KMeans.build/Debug/KMeans.build/Objects-normal/x86_64/Archive.o"; sourceTree = "<group>"; };
		72951E47190C095E00618A74 /* libboost_atomic.dylib */ = {isa = PBXFileReference; lastKnownFileType = "compiled.mach-o.dylib"; name = libboost_atomic.dylib; path = /usr/local/packages/boost_1_53_0/lib/libboost_atomic.dylib; sourceTree = "<absolute>"; };
		72951E48190C095E00618A74 /* libboost_chrono.dylib */ = {isa = PBXFileReference; lastKnownFileType = "compiled.mach-o.dylib"; name = libboost_chrono.dylib; path = /usr/local/packages/boost_1_53_0/lib/libboost_chrono.dylib; sourceTree = "<absolute>"; };
		72951E49190C095E00618A74 /* libboost_context.dylib */ = {isa = PBXFileReference; lastKnownFileType = "compiled.mach-o.dylib"; name = libboost_context.dylib; path = /usr/local/packages/boost_1_53_0/lib/libboost_context.dylib; sourceTree = "<absolute>"; };
		72951E4A190C095E00618A74 /* libboost_date_time.dylib */ = {isa = PBXFileReference; lastKnownFileType = "compiled.mach-o.dylib"; name = libboost_date_time.dylib; path = /usr/local/packages/boost_1_53_0/lib/libboost_date_time.dylib; sourceTree = "<absolute>"; };
		72951E4B190C095E00618A74 /* libboost_graph.dylib */ = {isa = PBXFileReference; lastKnownFileType = "compiled.mach-o.dylib"; name = libboost_graph.dylib; path = /usr/local/packages/boost_1_53_0/lib/libboost_graph.dylib; sourceTree = "<absolute>"; };
		72951E4C190C095E00618A74 /* libboost_iostreams.dylib */ = {isa = PBXFileReference; lastKnownFileType = "compiled.mach-o.dylib"; name = libboost_iostreams.dylib; path = /usr/local/packages/boost_1_53_0/lib/libboost_iostreams.dylib; sourceTree = "<absolute>"; };
		72951E4D190C095E00618A74 /* libboost_locale.dylib */ = {isa = PBXFileReference; lastKnownFileType = "compiled.mach-o.dylib"; name = libboost_locale.dylib; path = /usr/local/packages/boost_1_53_0/lib/libboost_locale.dylib; sourceTree = "<absolute>"; };
		72951E4E190C095E00618A74 /* libboost_math_c99.dylib */ = {isa = PBXFileReference; lastKnownFileType = "compiled.mach-o.dylib"; name = libboost_math_c99.dylib; path = /usr/local/packages/boost_1_53_0/lib/libboost_math_c99.dylib; sourceTree = "<absolute>"; };
		72951E4F190C095E00618A74 /* libboost_math_c99f.dylib */ = {isa = PBXFileReference; lastKnownFileType = "compiled.mach-o.dylib"; name = libboost_math_c99f.dylib; path = /usr/local/packages/boost_1_53_0/lib/libboost_math_c99f.dylib; sourceTree = "<absolute>"; };
		72951E50190C095E00618A74 /* libboost_math_c99l.dylib */ = {isa = PBXFileReference; lastKnownFileType = "compiled.mach-o.dylib"; name = libboost_math_c99l.dylib; path = /usr/local/packages/boost_1_53_0/lib/libboost_math_c99l.dylib; sourceTree = "<absolute>"; };
		72951E51190C095E00618A74 /* libboost_math_tr1.dylib */ = {isa = PBXFileReference; lastKnownFileType = "compiled.mach-o.dylib"; name = libboost_math_tr1.dylib; path = /usr/local/packages/boost_1_53_0/lib/libboost_math_tr1.dylib; sourceTree = "<absolute>"; };
		72951E52190C095E00618A74 /* libboost_math_tr1f.dylib */ = {isa = PBXFileReference; lastKnownFileType = "compiled.mach-o.dylib"; name = libboost_math_tr1f.dylib; path = /usr/local/packages/boost_1_53_0/lib/libboost_math_tr1f.dylib; sourceTree = "<absolute>"; };
		72951E53190C095E00618A74 /* libboost_math_tr1l.dylib */ = {isa = PBXFileReference; lastKnownFileType = "compiled.mach-o.dylib"; name = libboost_math_tr1l.dylib; path = /usr/local/packages/boost_1_53_0/lib/libboost_math_tr1l.dylib; sourceTree = "<absolute>"; };
		72951E54190C095E00618A74 /* libboost_prg_exec_monitor.dylib */ = {isa = PBXFileReference; lastKnownFileType = "compiled.mach-o.dylib"; name = libboost_prg_exec_monitor.dylib; path = /usr/local/packages/boost_1_53_0/lib/libboost_prg_exec_monitor.dylib; sourceTree = "<absolute>"; };
		72951E55190C095E00618A74 /* libboost_program_options.dylib */ = {isa = PBXFileReference; lastKnownFileType = "compiled.mach-o.dylib"; name = libboost_program_options.dylib; path = /usr/local/packages/boost_1_53_0/lib/libboost_program_options.dylib; sourceTree = "<absolute>"; };
		72951E56190C095E00618A74 /* libboost_python.dylib */ = {isa = PBXFileReference; lastKnownFileType = "compiled.mach-o.dylib"; name = libboost_python.dylib; path = /usr/local/packages/boost_1_53_0/lib/libboost_python.dylib; sourceTree = "<absolute>"; };
		72951E57190C095E00618A74 /* libboost_random.dylib */ = {isa = PBXFileReference; lastKnownFileType = "compiled.mach-o.dylib"; name = libboost_random.dylib; path = /usr/local/packages/boost_1_53_0/lib/libboost_random.dylib; sourceTree = "<absolute>"; };
		72951E58190C095E00618A74 /* libboost_regex.dylib */ = {isa = PBXFileReference; lastKnownFileType = "compiled.mach-o.dylib"; name = libboost_regex.dylib; path = /usr/local/packages/boost_1_53_0/lib/libboost_regex.dylib; sourceTree = "<absolute>"; };
		72951E59190C095E00618A74 /* libboost_serialization.dylib */ = {isa = PBXFileReference; lastKnownFileType = "compiled.mach-o.dylib"; name = libboost_serialization.dylib; path = /usr/local/packages/boost_1_53_0/lib/libboost_serialization.dylib; sourceTree = "<absolute>"; };
		72951E5A190C095E00618A74 /* libboost_signals.dylib */ = {isa = PBXFileReference; lastKnownFileType = "compiled.mach-o.dylib"; name = libboost_signals.dylib; path = /usr/local/packages/boost_1_53_0/lib/libboost_signals.dylib; sourceTree = "<absolute>"; };
		72951E5B190C095E00618A74 /* libboost_thread.dylib */ = {isa = PBXFileReference; lastKnownFileType = "compiled.mach-o.dylib"; name = libboost_thread.dylib; path = /usr/local/packages/boost_1_53_0/lib/libboost_thread.dylib; sourceTree = "<absolute>"; };
		72951E5C190C095E00618A74 /* libboost_timer.dylib */ = {isa = PBXFileReference; lastKnownFileType = "compiled.mach-o.dylib"; name = libboost_timer.dylib; path = /usr/local/packages/boost_1_53_0/lib/libboost_timer.dylib; sourceTree = "<absolute>"; };
		72951E5D190C095E00618A74 /* libboost_unit_test_framework.dylib */ = {isa = PBXFileReference; lastKnownFileType = "compiled.mach-o.dylib"; name = libboost_unit_test_framework.dylib; path = /usr/local/packages/boost_1_53_0/lib/libboost_unit_test_framework.dylib; sourceTree = "<absolute>"; };
		72951E5E190C095E00618A74 /* libboost_wave.dylib */ = {isa = PBXFileReference; lastKnownFileType = "compiled.mach-o.dylib"; name = libboost_wave.dylib; path = /usr/local/packages/boost_1_53_0/lib/libboost_wave.dylib; sourceTree = "<absolute>"; };
		72951E5F190C095E00618A74 /* libboost_wserialization.dylib */ = {isa = PBXFileReference; lastKnownFileType = "compiled.mach-o.dylib"; name = libboost_wserialization.dylib; path = /usr/local/packages/boost_1_53_0/lib/libboost_wserialization.dylib; sourceTree = "<absolute>"; };
		72A64F2519091C9C00BBBEFF /* FloodFill */ = {isa = PBXFileReference; explicitFileType = "compiled.mach-o.executable"; includeInIndex = 0; path = FloodFill; sourceTree = BUILT_PRODUCTS_DIR; };
		72A64F3119091D7E00BBBEFF /* main.cpp */ = {isa = PBXFileReference; fileEncoding = 4; lastKnownFileType = sourcecode.cpp.cpp; path = main.cpp; sourceTree = "<group>"; };
		72A64F3319091D9000BBBEFF /* FloodFill.1 */ = {isa = PBXFileReference; fileEncoding = 4; lastKnownFileType = text.man; path = FloodFill.1; sourceTree = "<group>"; };
		72A64F3419091D9B00BBBEFF /* FloodFillMethods.cpp */ = {isa = PBXFileReference; fileEncoding = 4; lastKnownFileType = sourcecode.cpp.cpp; path = FloodFillMethods.cpp; sourceTree = "<group>"; };
		72A64F3519091D9B00BBBEFF /* FloodFillMethods.h */ = {isa = PBXFileReference; fileEncoding = 4; lastKnownFileType = sourcecode.c.h; path = FloodFillMethods.h; sourceTree = "<group>"; };
		72A64F371909512D00BBBEFF /* libopencv_calib3d.dylib */ = {isa = PBXFileReference; lastKnownFileType = "compiled.mach-o.dylib"; name = libopencv_calib3d.dylib; path = /usr/local/Cellar/opencv/2.4.7.1/lib/libopencv_calib3d.dylib; sourceTree = "<absolute>"; };
		72A64F381909512D00BBBEFF /* libopencv_contrib.dylib */ = {isa = PBXFileReference; lastKnownFileType = "compiled.mach-o.dylib"; name = libopencv_contrib.dylib; path = /usr/local/Cellar/opencv/2.4.7.1/lib/libopencv_contrib.dylib; sourceTree = "<absolute>"; };
		72A64F391909512D00BBBEFF /* libopencv_core.dylib */ = {isa = PBXFileReference; lastKnownFileType = "compiled.mach-o.dylib"; name = libopencv_core.dylib; path = /usr/local/Cellar/opencv/2.4.7.1/lib/libopencv_core.dylib; sourceTree = "<absolute>"; };
		72A64F3A1909512D00BBBEFF /* libopencv_flann.dylib */ = {isa = PBXFileReference; lastKnownFileType = "compiled.mach-o.dylib"; name = libopencv_flann.dylib; path = /usr/local/Cellar/opencv/2.4.7.1/lib/libopencv_flann.dylib; sourceTree = "<absolute>"; };
		72A64F3B1909512D00BBBEFF /* libopencv_gpu.dylib */ = {isa = PBXFileReference; lastKnownFileType = "compiled.mach-o.dylib"; name = libopencv_gpu.dylib; path = /usr/local/Cellar/opencv/2.4.7.1/lib/libopencv_gpu.dylib; sourceTree = "<absolute>"; };
		72A64F3C1909512D00BBBEFF /* libopencv_highgui.dylib */ = {isa = PBXFileReference; lastKnownFileType = "compiled.mach-o.dylib"; name = libopencv_highgui.dylib; path = /usr/local/Cellar/opencv/2.4.7.1/lib/libopencv_highgui.dylib; sourceTree = "<absolute>"; };
		72A64F3D1909512D00BBBEFF /* libopencv_imgproc.dylib */ = {isa = PBXFileReference; lastKnownFileType = "compiled.mach-o.dylib"; name = libopencv_imgproc.dylib; path = /usr/local/Cellar/opencv/2.4.7.1/lib/libopencv_imgproc.dylib; sourceTree = "<absolute>"; };
		72A64F3E1909512D00BBBEFF /* libopencv_legacy.dylib */ = {isa = PBXFileReference; lastKnownFileType = "compiled.mach-o.dylib"; name = libopencv_legacy.dylib; path = /usr/local/Cellar/opencv/2.4.7.1/lib/libopencv_legacy.dylib; sourceTree = "<absolute>"; };
		72A64F3F1909512D00BBBEFF /* libopencv_ml.dylib */ = {isa = PBXFileReference; lastKnownFileType = "compiled.mach-o.dylib"; name = libopencv_ml.dylib; path = /usr/local/Cellar/opencv/2.4.7.1/lib/libopencv_ml.dylib; sourceTree = "<absolute>"; };
		72A64F401909512D00BBBEFF /* libopencv_nonfree.dylib */ = {isa = PBXFileReference; lastKnownFileType = "compiled.mach-o.dylib"; name = libopencv_nonfree.dylib; path = /usr/local/Cellar/opencv/2.4.7.1/lib/libopencv_nonfree.dylib; sourceTree = "<absolute>"; };
		72A64F411909512D00BBBEFF /* libopencv_objdetect.dylib */ = {isa = PBXFileReference; lastKnownFileType = "compiled.mach-o.dylib"; name = libopencv_objdetect.dylib; path = /usr/local/Cellar/opencv/2.4.7.1/lib/libopencv_objdetect.dylib; sourceTree = "<absolute>"; };
		72A64F421909512D00BBBEFF /* libopencv_ocl.dylib */ = {isa = PBXFileReference; lastKnownFileType = "compiled.mach-o.dylib"; name = libopencv_ocl.dylib; path = /usr/local/Cellar/opencv/2.4.7.1/lib/libopencv_ocl.dylib; sourceTree = "<absolute>"; };
		72A64F431909512D00BBBEFF /* libopencv_photo.dylib */ = {isa = PBXFileReference; lastKnownFileType = "compiled.mach-o.dylib"; name = libopencv_photo.dylib; path = /usr/local/Cellar/opencv/2.4.7.1/lib/libopencv_photo.dylib; sourceTree = "<absolute>"; };
		72A64F441909512D00BBBEFF /* libopencv_stitching.dylib */ = {isa = PBXFileReference; lastKnownFileType = "compiled.mach-o.dylib"; name = libopencv_stitching.dylib; path = /usr/local/Cellar/opencv/2.4.7.1/lib/libopencv_stitching.dylib; sourceTree = "<absolute>"; };
		72A64F451909512D00BBBEFF /* libopencv_superres.dylib */ = {isa = PBXFileReference; lastKnownFileType = "compiled.mach-o.dylib"; name = libopencv_superres.dylib; path = /usr/local/Cellar/opencv/2.4.7.1/lib/libopencv_superres.dylib; sourceTree = "<absolute>"; };
		72A64F461909512D00BBBEFF /* libopencv_video.dylib */ = {isa = PBXFileReference; lastKnownFileType = "compiled.mach-o.dylib"; name = libopencv_video.dylib; path = /usr/local/Cellar/opencv/2.4.7.1/lib/libopencv_video.dylib; sourceTree = "<absolute>"; };
/* End PBXFileReference section */

/* Begin PBXFrameworksBuildPhase section */
		72A64F2219091C9C00BBBEFF /* Frameworks */ = {
			isa = PBXFrameworksBuildPhase;
			buildActionMask = 2147483647;
			files = (
				72A64F471909512D00BBBEFF /* libopencv_calib3d.dylib in Frameworks */,
				72A64F481909512D00BBBEFF /* libopencv_contrib.dylib in Frameworks */,
				72A64F491909512D00BBBEFF /* libopencv_core.dylib in Frameworks */,
				72A64F4A1909512D00BBBEFF /* libopencv_flann.dylib in Frameworks */,
				72A64F4B1909512D00BBBEFF /* libopencv_gpu.dylib in Frameworks */,
				72A64F4C1909512D00BBBEFF /* libopencv_highgui.dylib in Frameworks */,
				72A64F4D1909512D00BBBEFF /* libopencv_imgproc.dylib in Frameworks */,
				72A64F4E1909512D00BBBEFF /* libopencv_legacy.dylib in Frameworks */,
				72A64F4F1909512D00BBBEFF /* libopencv_ml.dylib in Frameworks */,
				72A64F501909512D00BBBEFF /* libopencv_nonfree.dylib in Frameworks */,
				72A64F511909512D00BBBEFF /* libopencv_objdetect.dylib in Frameworks */,
				72A64F521909512D00BBBEFF /* libopencv_ocl.dylib in Frameworks */,
				72A64F531909512D00BBBEFF /* libopencv_photo.dylib in Frameworks */,
				72A64F541909512D00BBBEFF /* libopencv_stitching.dylib in Frameworks */,
				72A64F551909512D00BBBEFF /* libopencv_superres.dylib in Frameworks */,
				72A64F561909512D00BBBEFF /* libopencv_video.dylib in Frameworks */,
				72951E3F190C005A00618A74 /* libboost_filesystem.dylib in Frameworks */,
				72951E40190C005A00618A74 /* libboost_system.dylib in Frameworks */,
				72951E60190C095E00618A74 /* libboost_atomic.dylib in Frameworks */,
				72951E61190C095E00618A74 /* libboost_chrono.dylib in Frameworks */,
				72951E62190C095E00618A74 /* libboost_context.dylib in Frameworks */,
				72951E63190C095E00618A74 /* libboost_date_time.dylib in Frameworks */,
				72951E64190C095E00618A74 /* libboost_graph.dylib in Frameworks */,
				72951E65190C095E00618A74 /* libboost_iostreams.dylib in Frameworks */,
				72951E66190C095E00618A74 /* libboost_locale.dylib in Frameworks */,
				72951E67190C095E00618A74 /* libboost_math_c99.dylib in Frameworks */,
				72951E68190C095E00618A74 /* libboost_math_c99f.dylib in Frameworks */,
				72951E69190C095E00618A74 /* libboost_math_c99l.dylib in Frameworks */,
				72951E6A190C095E00618A74 /* libboost_math_tr1.dylib in Frameworks */,
				72951E6B190C095E00618A74 /* libboost_math_tr1f.dylib in Frameworks */,
				72951E6C190C095E00618A74 /* libboost_math_tr1l.dylib in Frameworks */,
				72951E6D190C095E00618A74 /* libboost_prg_exec_monitor.dylib in Frameworks */,
				72951E6E190C095E00618A74 /* libboost_program_options.dylib in Frameworks */,
				72951E6F190C095E00618A74 /* libboost_python.dylib in Frameworks */,
				72951E70190C095E00618A74 /* libboost_random.dylib in Frameworks */,
				72951E71190C095E00618A74 /* libboost_regex.dylib in Frameworks */,
				72951E72190C095E00618A74 /* libboost_serialization.dylib in Frameworks */,
				72951E73190C095E00618A74 /* libboost_signals.dylib in Frameworks */,
				72951E74190C095E00618A74 /* libboost_thread.dylib in Frameworks */,
				72951E75190C095E00618A74 /* libboost_timer.dylib in Frameworks */,
				72951E76190C095E00618A74 /* libboost_unit_test_framework.dylib in Frameworks */,
				72951E77190C095E00618A74 /* libboost_wave.dylib in Frameworks */,
				72951E78190C095E00618A74 /* libboost_wserialization.dylib in Frameworks */,
				72951E44190C08D700618A74 /* Archive.o in Frameworks */,
			);
			runOnlyForDeploymentPostprocessing = 0;
		};
/* End PBXFrameworksBuildPhase section */

/* Begin PBXGroup section */
		72951E45190C08DE00618A74 /* Boost */ = {
			isa = PBXGroup;
			children = (
				72951E47190C095E00618A74 /* libboost_atomic.dylib */,
				72951E48190C095E00618A74 /* libboost_chrono.dylib */,
				72951E49190C095E00618A74 /* libboost_context.dylib */,
				72951E4A190C095E00618A74 /* libboost_date_time.dylib */,
				72951E4B190C095E00618A74 /* libboost_graph.dylib */,
				72951E4C190C095E00618A74 /* libboost_iostreams.dylib */,
				72951E4D190C095E00618A74 /* libboost_locale.dylib */,
				72951E4E190C095E00618A74 /* libboost_math_c99.dylib */,
				72951E4F190C095E00618A74 /* libboost_math_c99f.dylib */,
				72951E50190C095E00618A74 /* libboost_math_c99l.dylib */,
				72951E51190C095E00618A74 /* libboost_math_tr1.dylib */,
				72951E52190C095E00618A74 /* libboost_math_tr1f.dylib */,
				72951E53190C095E00618A74 /* libboost_math_tr1l.dylib */,
				72951E54190C095E00618A74 /* libboost_prg_exec_monitor.dylib */,
				72951E55190C095E00618A74 /* libboost_program_options.dylib */,
				72951E56190C095E00618A74 /* libboost_python.dylib */,
				72951E57190C095E00618A74 /* libboost_random.dylib */,
				72951E58190C095E00618A74 /* libboost_regex.dylib */,
				72951E59190C095E00618A74 /* libboost_serialization.dylib */,
				72951E5A190C095E00618A74 /* libboost_signals.dylib */,
				72951E5B190C095E00618A74 /* libboost_thread.dylib */,
				72951E5C190C095E00618A74 /* libboost_timer.dylib */,
				72951E5D190C095E00618A74 /* libboost_unit_test_framework.dylib */,
				72951E5E190C095E00618A74 /* libboost_wave.dylib */,
				72951E5F190C095E00618A74 /* libboost_wserialization.dylib */,
				72951E3D190C005A00618A74 /* libboost_filesystem.dylib */,
				72951E3E190C005A00618A74 /* libboost_system.dylib */,
			);
			name = Boost;
			sourceTree = "<group>";
		};
		72951E46190C08E800618A74 /* User */ = {
			isa = PBXGroup;
			children = (
				72951E43190C08D700618A74 /* Archive.o */,
			);
			name = User;
			sourceTree = "<group>";
		};
		72A64F1C19091C9C00BBBEFF = {
			isa = PBXGroup;
			children = (
				72951E46190C08E800618A74 /* User */,
				72951E45190C08DE00618A74 /* Boost */,
				72A64F571909513800BBBEFF /* OpenCV Lib */,
				72A64F2719091C9C00BBBEFF /* FloodFill */,
				72A64F2619091C9C00BBBEFF /* Products */,
			);
			sourceTree = "<group>";
		};
		72A64F2619091C9C00BBBEFF /* Products */ = {
			isa = PBXGroup;
			children = (
				72A64F2519091C9C00BBBEFF /* FloodFill */,
			);
			name = Products;
			sourceTree = "<group>";
		};
		72A64F2719091C9C00BBBEFF /* FloodFill */ = {
			isa = PBXGroup;
			children = (
				72A64F3419091D9B00BBBEFF /* FloodFillMethods.cpp */,
				72A64F3519091D9B00BBBEFF /* FloodFillMethods.h */,
				72A64F3319091D9000BBBEFF /* FloodFill.1 */,
				72A64F3119091D7E00BBBEFF /* main.cpp */,
			);
			path = FloodFill;
			sourceTree = "<group>";
		};
		72A64F571909513800BBBEFF /* OpenCV Lib */ = {
			isa = PBXGroup;
			children = (
				72A64F371909512D00BBBEFF /* libopencv_calib3d.dylib */,
				72A64F381909512D00BBBEFF /* libopencv_contrib.dylib */,
				72A64F391909512D00BBBEFF /* libopencv_core.dylib */,
				72A64F3A1909512D00BBBEFF /* libopencv_flann.dylib */,
				72A64F3B1909512D00BBBEFF /* libopencv_gpu.dylib */,
				72A64F3C1909512D00BBBEFF /* libopencv_highgui.dylib */,
				72A64F3D1909512D00BBBEFF /* libopencv_imgproc.dylib */,
				72A64F3E1909512D00BBBEFF /* libopencv_legacy.dylib */,
				72A64F3F1909512D00BBBEFF /* libopencv_ml.dylib */,
				72A64F401909512D00BBBEFF /* libopencv_nonfree.dylib */,
				72A64F411909512D00BBBEFF /* libopencv_objdetect.dylib */,
				72A64F421909512D00BBBEFF /* libopencv_ocl.dylib */,
				72A64F431909512D00BBBEFF /* libopencv_photo.dylib */,
				72A64F441909512D00BBBEFF /* libopencv_stitching.dylib */,
				72A64F451909512D00BBBEFF /* libopencv_superres.dylib */,
				72A64F461909512D00BBBEFF /* libopencv_video.dylib */,
			);
			name = "OpenCV Lib";
			sourceTree = "<group>";
		};
/* End PBXGroup section */

/* Begin PBXNativeTarget section */
		72A64F2419091C9C00BBBEFF /* FloodFill */ = {
			isa = PBXNativeTarget;
			buildConfigurationList = 72A64F2E19091C9C00BBBEFF /* Build configuration list for PBXNativeTarget "FloodFill" */;
			buildPhases = (
				72A64F2119091C9C00BBBEFF /* Sources */,
				72A64F2219091C9C00BBBEFF /* Frameworks */,
				72A64F2319091C9C00BBBEFF /* CopyFiles */,
			);
			buildRules = (
			);
			dependencies = (
			);
			name = FloodFill;
			productName = FloodFill;
			productReference = 72A64F2519091C9C00BBBEFF /* FloodFill */;
			productType = "com.apple.product-type.tool";
		};
/* End PBXNativeTarget section */

/* Begin PBXProject section */
		72A64F1D19091C9C00BBBEFF /* Project object */ = {
			isa = PBXProject;
			attributes = {
				LastUpgradeCheck = 0510;
				ORGANIZATIONNAME = "Donald Johnson";
			};
			buildConfigurationList = 72A64F2019091C9C00BBBEFF /* Build configuration list for PBXProject "FloodFill" */;
			compatibilityVersion = "Xcode 3.2";
			developmentRegion = English;
			hasScannedForEncodings = 0;
			knownRegions = (
				en,
			);
			mainGroup = 72A64F1C19091C9C00BBBEFF;
			productRefGroup = 72A64F2619091C9C00BBBEFF /* Products */;
			projectDirPath = "";
			projectRoot = "";
			targets = (
				72A64F2419091C9C00BBBEFF /* FloodFill */,
			);
		};
/* End PBXProject section */

/* Begin PBXSourcesBuildPhase section */
		72A64F2119091C9C00BBBEFF /* Sources */ = {
			isa = PBXSourcesBuildPhase;
			buildActionMask = 2147483647;
			files = (
				72A64F3619091D9B00BBBEFF /* FloodFillMethods.cpp in Sources */,
				72A64F3219091D7E00BBBEFF /* main.cpp in Sources */,
			);
			runOnlyForDeploymentPostprocessing = 0;
		};
/* End PBXSourcesBuildPhase section */

/* Begin XCBuildConfiguration section */
		72A64F2C19091C9C00BBBEFF /* Debug */ = {
			isa = XCBuildConfiguration;
			buildSettings = {
				ALWAYS_SEARCH_USER_PATHS = YES;
				CLANG_CXX_LANGUAGE_STANDARD = "gnu++0x";
				CLANG_CXX_LIBRARY = "libc++";
				CLANG_ENABLE_MODULES = YES;
				CLANG_ENABLE_OBJC_ARC = YES;
				CLANG_WARN_BOOL_CONVERSION = YES;
				CLANG_WARN_CONSTANT_CONVERSION = YES;
				CLANG_WARN_DIRECT_OBJC_ISA_USAGE = YES_ERROR;
				CLANG_WARN_EMPTY_BODY = YES;
				CLANG_WARN_ENUM_CONVERSION = YES;
				CLANG_WARN_INT_CONVERSION = YES;
				CLANG_WARN_OBJC_ROOT_CLASS = YES_ERROR;
				CLANG_WARN__DUPLICATE_METHOD_MATCH = YES;
				COPY_PHASE_STRIP = NO;
				GCC_C_LANGUAGE_STANDARD = gnu99;
				GCC_DYNAMIC_NO_PIC = NO;
				GCC_ENABLE_OBJC_EXCEPTIONS = YES;
				GCC_OPTIMIZATION_LEVEL = 0;
				GCC_PREPROCESSOR_DEFINITIONS = (
					"DEBUG=1",
					"$(inherited)",
				);
				GCC_SYMBOLS_PRIVATE_EXTERN = NO;
				GCC_WARN_64_TO_32_BIT_CONVERSION = YES;
				GCC_WARN_ABOUT_RETURN_TYPE = YES_ERROR;
				GCC_WARN_UNDECLARED_SELECTOR = YES;
				GCC_WARN_UNINITIALIZED_AUTOS = YES_AGGRESSIVE;
				GCC_WARN_UNUSED_FUNCTION = YES;
				GCC_WARN_UNUSED_VARIABLE = YES;
				HEADER_SEARCH_PATHS = (
					/usr/local/Cellar/opencv/2.4.7.1/include,
					/usr/local/packages/boost_1_53_0/include,
				);
				LIBRARY_SEARCH_PATHS = (
					/usr/local/Cellar/opencv/2.4.7.1/lib,
					/usr/local/packages/boost_1_53_0/lib,
				);
				MACOSX_DEPLOYMENT_TARGET = 10.9;
				ONLY_ACTIVE_ARCH = YES;
				SDKROOT = macosx;
				USER_HEADER_SEARCH_PATHS = "/Users/donj/workspace/cs585/Morphology/CountObjects /Users/donj/workspace/cs585/Morphology/KMeans/KMeans";
			};
			name = Debug;
		};
		72A64F2D19091C9C00BBBEFF /* Release */ = {
			isa = XCBuildConfiguration;
			buildSettings = {
				ALWAYS_SEARCH_USER_PATHS = YES;
				CLANG_CXX_LANGUAGE_STANDARD = "gnu++0x";
				CLANG_CXX_LIBRARY = "libc++";
				CLANG_ENABLE_MODULES = YES;
				CLANG_ENABLE_OBJC_ARC = YES;
				CLANG_WARN_BOOL_CONVERSION = YES;
				CLANG_WARN_CONSTANT_CONVERSION = YES;
				CLANG_WARN_DIRECT_OBJC_ISA_USAGE = YES_ERROR;
				CLANG_WARN_EMPTY_BODY = YES;
				CLANG_WARN_ENUM_CONVERSION = YES;
				CLANG_WARN_INT_CONVERSION = YES;
				CLANG_WARN_OBJC_ROOT_CLASS = YES_ERROR;
				CLANG_WARN__DUPLICATE_METHOD_MATCH = YES;
				COPY_PHASE_STRIP = YES;
				DEBUG_INFORMATION_FORMAT = "dwarf-with-dsym";
				ENABLE_NS_ASSERTIONS = NO;
				GCC_C_LANGUAGE_STANDARD = gnu99;
				GCC_ENABLE_OBJC_EXCEPTIONS = YES;
				GCC_WARN_64_TO_32_BIT_CONVERSION = YES;
				GCC_WARN_ABOUT_RETURN_TYPE = YES_ERROR;
				GCC_WARN_UNDECLARED_SELECTOR = YES;
				GCC_WARN_UNINITIALIZED_AUTOS = YES_AGGRESSIVE;
				GCC_WARN_UNUSED_FUNCTION = YES;
				GCC_WARN_UNUSED_VARIABLE = YES;
				HEADER_SEARCH_PATHS = (
					/usr/local/Cellar/opencv/2.4.7.1/include,
					/usr/local/packages/boost_1_53_0/include,
				);
				LIBRARY_SEARCH_PATHS = (
					/usr/local/Cellar/opencv/2.4.7.1/lib,
					/usr/local/packages/boost_1_53_0/lib,
				);
				MACOSX_DEPLOYMENT_TARGET = 10.9;
				SDKROOT = macosx;
				USER_HEADER_SEARCH_PATHS = "/Users/donj/workspace/cs585/Morphology/CountObjects /Users/donj/workspace/cs585/Morphology/KMeans/KMeans";
			};
			name = Release;
		};
		72A64F2F19091C9C00BBBEFF /* Debug */ = {
			isa = XCBuildConfiguration;
			buildSettings = {
				HEADER_SEARCH_PATHS = (
					/usr/local/packages/boost_1_53_0/include,
					/usr/local/Cellar/opencv/2.4.7.1/include,
					/Users/donj/workspace/cs585/Morphology/CountObjects/CountObjects,
				);
				LIBRARY_SEARCH_PATHS = (
					/usr/local/packages/boost_1_53_0/lib,
					/usr/local/Cellar/opencv/2.4.7.1/lib,
				);
				PRODUCT_NAME = "$(TARGET_NAME)";
				USER_HEADER_SEARCH_PATHS = "/Users/donj/workspace/cs585/Morphology/KMeans/KMeans /Users/donj/workspace/cs585/Morphology/CountObjects";
			};
			name = Debug;
		};
		72A64F3019091C9C00BBBEFF /* Release */ = {
			isa = XCBuildConfiguration;
			buildSettings = {
				HEADER_SEARCH_PATHS = (
					/usr/local/packages/boost_1_53_0/include,
					/usr/local/Cellar/opencv/2.4.7.1/include,
					/Users/donj/workspace/cs585/Morphology/CountObjects/CountObjects,
				);
				LIBRARY_SEARCH_PATHS = (
					/usr/local/packages/boost_1_53_0/lib,
					/usr/local/Cellar/opencv/2.4.7.1/lib,
				);
				PRODUCT_NAME = "$(TARGET_NAME)";
				USER_HEADER_SEARCH_PATHS = "/Users/donj/workspace/cs585/Morphology/KMeans/KMeans /Users/donj/workspace/cs585/Morphology/CountObjects";
			};
			name = Release;
		};
/* End XCBuildConfiguration section */

/* Begin XCConfigurationList section */
		72A64F2019091C9C00BBBEFF /* Build configuration list for PBXProject "FloodFill" */ = {
			isa = XCConfigurationList;
			buildConfigurations = (
				72A64F2C19091C9C00BBBEFF /* Debug */,
				72A64F2D19091C9C00BBBEFF /* Release */,
			);
			defaultConfigurationIsVisible = 0;
			defaultConfigurationName = Release;
		};
		72A64F2E19091C9C00BBBEFF /* Build configuration list for PBXNativeTarget "FloodFill" */ = {
			isa = XCConfigurationList;
			buildConfigurations = (
				72A64F2F19091C9C00BBBEFF /* Debug */,
				72A64F3019091C9C00BBBEFF /* Release */,
			);
			defaultConfigurationIsVisible = 0;
			defaultConfigurationName = Release;
		};
/* End XCConfigurationList section */
	};
	rootObject = 72A64F1D19091C9C00BBBEFF /* Project object */;
}
