
Microsoft Visual Studio Solution File, Format Version 12.00
# Visual Studio 2012
Project("{8BC9CEB8-8B4A-11D0-8D11-00A0C91BC942}") = "Lab5", "Lab5\Lab5.vcxproj", "{FAB7C46B-33C5-4A8E-A381-2F2B9C201B8E}"
EndProject
Project("{8BC9CEB8-8B4A-11D0-8D11-00A0C91BC942}") = "Assignment5_Part0", "Assignment5_Part0\Assignment5_Part0.vcxproj", "{AF5E07C7-C5EB-411C-A7F2-8CD2EC70388B}"
EndProject
Project("{8BC9CEB8-8B4A-11D0-8D11-00A0C91BC942}") = "Assignment5_Part1", "Assignment5_Part1\Assignment5_Part1.vcxproj", "{34F56241-A671-4A37-8CBF-DCC33A22A86A}"
EndProject
Project("{8BC9CEB8-8B4A-11D0-8D11-00A0C91BC942}") = "Assignment5_Part2", "Assignment5_Part2\Assignment5_Part2.vcxproj", "{55935CC0-E9EB-431C-A284-8469235CEE74}"
EndProject
Project("{8BC9CEB8-8B4A-11D0-8D11-00A0C91BC942}") = "Assignment5_Part3", "Assignment5_Part3\Assignment5_Part3.vcxproj", "{8F30E24A-9CDB-4D00-94D3-F7F26D4FCEBB}"
EndProject
Global
	GlobalSection(SolutionConfigurationPlatforms) = preSolution
		Debug|Win32 = Debug|Win32
		Release|Win32 = Release|Win32
	EndGlobalSection
	GlobalSection(ProjectConfigurationPlatforms) = postSolution
		{FAB7C46B-33C5-4A8E-A381-2F2B9C201B8E}.Debug|Win32.ActiveCfg = Debug|Win32
		{FAB7C46B-33C5-4A8E-A381-2F2B9C201B8E}.Debug|Win32.Build.0 = Debug|Win32
		{FAB7C46B-33C5-4A8E-A381-2F2B9C201B8E}.Release|Win32.ActiveCfg = Release|Win32
		{FAB7C46B-33C5-4A8E-A381-2F2B9C201B8E}.Release|Win32.Build.0 = Release|Win32
		{AF5E07C7-C5EB-411C-A7F2-8CD2EC70388B}.Debug|Win32.ActiveCfg = Debug|Win32
		{AF5E07C7-C5EB-411C-A7F2-8CD2EC70388B}.Debug|Win32.Build.0 = Debug|Win32
		{AF5E07C7-C5EB-411C-A7F2-8CD2EC70388B}.Release|Win32.ActiveCfg = Release|Win32
		{AF5E07C7-C5EB-411C-A7F2-8CD2EC70388B}.Release|Win32.Build.0 = Release|Win32
		{34F56241-A671-4A37-8CBF-DCC33A22A86A}.Debug|Win32.ActiveCfg = Debug|Win32
		{34F56241-A671-4A37-8CBF-DCC33A22A86A}.Debug|Win32.Build.0 = Debug|Win32
		{34F56241-A671-4A37-8CBF-DCC33A22A86A}.Release|Win32.ActiveCfg = Release|Win32
		{34F56241-A671-4A37-8CBF-DCC33A22A86A}.Release|Win32.Build.0 = Release|Win32
		{55935CC0-E9EB-431C-A284-8469235CEE74}.Debug|Win32.ActiveCfg = Debug|Win32
		{55935CC0-E9EB-431C-A284-8469235CEE74}.Debug|Win32.Build.0 = Debug|Win32
		{55935CC0-E9EB-431C-A284-8469235CEE74}.Release|Win32.ActiveCfg = Release|Win32
		{55935CC0-E9EB-431C-A284-8469235CEE74}.Release|Win32.Build.0 = Release|Win32
		{8F30E24A-9CDB-4D00-94D3-F7F26D4FCEBB}.Debug|Win32.ActiveCfg = Debug|Win32
		{8F30E24A-9CDB-4D00-94D3-F7F26D4FCEBB}.Debug|Win32.Build.0 = Debug|Win32
		{8F30E24A-9CDB-4D00-94D3-F7F26D4FCEBB}.Release|Win32.ActiveCfg = Release|Win32
		{8F30E24A-9CDB-4D00-94D3-F7F26D4FCEBB}.Release|Win32.Build.0 = Release|Win32
	EndGlobalSection
	GlobalSection(SolutionProperties) = preSolution
		HideSolutionNode = FALSE
	EndGlobalSection
EndGlobal
