// !$*UTF8*$!
{
	archiveVersion = 1;
	classes = {
	};
	objectVersion = 46;
	objects = {

/* Begin PBXBuildFile section */
		721239151905686800AC7A66 /* Archive.cpp in Sources */ = {isa = PBXBuildFile; fileRef = 721239131905686800AC7A66 /* Archive.cpp */; };
		721239311905691F00AC7A66 /* libboost_atomic.dylib in Frameworks */ = {isa = PBXBuildFile; fileRef = 721239161905691F00AC7A66 /* libboost_atomic.dylib */; };
		721239321905691F00AC7A66 /* libboost_chrono.dylib in Frameworks */ = {isa = PBXBuildFile; fileRef = 721239171905691F00AC7A66 /* libboost_chrono.dylib */; };
		721239331905691F00AC7A66 /* libboost_context.dylib in Frameworks */ = {isa = PBXBuildFile; fileRef = 721239181905691F00AC7A66 /* libboost_context.dylib */; };
		721239341905691F00AC7A66 /* libboost_date_time.dylib in Frameworks */ = {isa = PBXBuildFile; fileRef = 721239191905691F00AC7A66 /* libboost_date_time.dylib */; };
		721239351905691F00AC7A66 /* libboost_filesystem.dylib in Frameworks */ = {isa = PBXBuildFile; fileRef = 7212391A1905691F00AC7A66 /* libboost_filesystem.dylib */; };
		721239361905691F00AC7A66 /* libboost_graph.dylib in Frameworks */ = {isa = PBXBuildFile; fileRef = 7212391B1905691F00AC7A66 /* libboost_graph.dylib */; };
		721239371905691F00AC7A66 /* libboost_iostreams.dylib in Frameworks */ = {isa = PBXBuildFile; fileRef = 7212391C1905691F00AC7A66 /* libboost_iostreams.dylib */; };
		721239381905691F00AC7A66 /* libboost_locale.dylib in Frameworks */ = {isa = PBXBuildFile; fileRef = 7212391D1905691F00AC7A66 /* libboost_locale.dylib */; };
		721239391905691F00AC7A66 /* libboost_math_c99.dylib in Frameworks */ = {isa = PBXBuildFile; fileRef = 7212391E1905691F00AC7A66 /* libboost_math_c99.dylib */; };
		7212393A1905691F00AC7A66 /* libboost_math_c99f.dylib in Frameworks */ = {isa = PBXBuildFile; fileRef = 7212391F1905691F00AC7A66 /* libboost_math_c99f.dylib */; };
		7212393B1905691F00AC7A66 /* libboost_math_c99l.dylib in Frameworks */ = {isa = PBXBuildFile; fileRef = 721239201905691F00AC7A66 /* libboost_math_c99l.dylib */; };
		7212393C1905691F00AC7A66 /* libboost_math_tr1.dylib in Frameworks */ = {isa = PBXBuildFile; fileRef = 721239211905691F00AC7A66 /* libboost_math_tr1.dylib */; };
		7212393D1905691F00AC7A66 /* libboost_math_tr1f.dylib in Frameworks */ = {isa = PBXBuildFile; fileRef = 721239221905691F00AC7A66 /* libboost_math_tr1f.dylib */; };
		7212393E1905691F00AC7A66 /* libboost_math_tr1l.dylib in Frameworks */ = {isa = PBXBuildFile; fileRef = 721239231905691F00AC7A66 /* libboost_math_tr1l.dylib */; };
		7212393F1905691F00AC7A66 /* libboost_prg_exec_monitor.dylib in Frameworks */ = {isa = PBXBuildFile; fileRef = 721239241905691F00AC7A66 /* libboost_prg_exec_monitor.dylib */; };
		721239401905691F00AC7A66 /* libboost_program_options.dylib in Frameworks */ = {isa = PBXBuildFile; fileRef = 721239251905691F00AC7A66 /* libboost_program_options.dylib */; };
		721239411905691F00AC7A66 /* libboost_python.dylib in Frameworks */ = {isa = PBXBuildFile; fileRef = 721239261905691F00AC7A66 /* libboost_python.dylib */; };
		721239421905691F00AC7A66 /* libboost_random.dylib in Frameworks */ = {isa = PBXBuildFile; fileRef = 721239271905691F00AC7A66 /* libboost_random.dylib */; };
		721239431905691F00AC7A66 /* libboost_regex.dylib in Frameworks */ = {isa = PBXBuildFile; fileRef = 721239281905691F00AC7A66 /* libboost_regex.dylib */; };
		721239441905691F00AC7A66 /* libboost_serialization.dylib in Frameworks */ = {isa = PBXBuildFile; fileRef = 721239291905691F00AC7A66 /* libboost_serialization.dylib */; };
		721239451905691F00AC7A66 /* libboost_signals.dylib in Frameworks */ = {isa = PBXBuildFile; fileRef = 7212392A1905691F00AC7A66 /* libboost_signals.dylib */; };
		721239461905691F00AC7A66 /* libboost_system.dylib in Frameworks */ = {isa = PBXBuildFile; fileRef = 7212392B1905691F00AC7A66 /* libboost_system.dylib */; };
		721239471905691F00AC7A66 /* libboost_thread.dylib in Frameworks */ = {isa = PBXBuildFile; fileRef = 7212392C1905691F00AC7A66 /* libboost_thread.dylib */; };
		721239481905691F00AC7A66 /* libboost_timer.dylib in Frameworks */ = {isa = PBXBuildFile; fileRef = 7212392D1905691F00AC7A66 /* libboost_timer.dylib */; };
		721239491905691F00AC7A66 /* libboost_unit_test_framework.dylib in Frameworks */ = {isa = PBXBuildFile; fileRef = 7212392E1905691F00AC7A66 /* libboost_unit_test_framework.dylib */; };
		7212394A1905691F00AC7A66 /* libboost_wave.dylib in Frameworks */ = {isa = PBXBuildFile; fileRef = 7212392F1905691F00AC7A66 /* libboost_wave.dylib */; };
		7212394B1905691F00AC7A66 /* libboost_wserialization.dylib in Frameworks */ = {isa = PBXBuildFile; fileRef = 721239301905691F00AC7A66 /* libboost_wserialization.dylib */; };
		726678161902A12E00DFFE03 /* main.cpp in Sources */ = {isa = PBXBuildFile; fileRef = 726678141902A12E00DFFE03 /* main.cpp */; };
		7271479B1901DCDE00649CC6 /* KMeans.1 in CopyFiles */ = {isa = PBXBuildFile; fileRef = 7271479A1901DCDE00649CC6 /* KMeans.1 */; };
		727147B31901DE4300649CC6 /* libopencv_calib3d.dylib in Frameworks */ = {isa = PBXBuildFile; fileRef = 727147A11901DE4300649CC6 /* libopencv_calib3d.dylib */; };
		727147B41901DE4300649CC6 /* libopencv_contrib.dylib in Frameworks */ = {isa = PBXBuildFile; fileRef = 727147A21901DE4300649CC6 /* libopencv_contrib.dylib */; };
		727147B51901DE4300649CC6 /* libopencv_core.dylib in Frameworks */ = {isa = PBXBuildFile; fileRef = 727147A31901DE4300649CC6 /* libopencv_core.dylib */; };
		727147B61901DE4300649CC6 /* libopencv_features2d.dylib in Frameworks */ = {isa = PBXBuildFile; fileRef = 727147A41901DE4300649CC6 /* libopencv_features2d.dylib */; };
		727147B71901DE4300649CC6 /* libopencv_flann.dylib in Frameworks */ = {isa = PBXBuildFile; fileRef = 727147A51901DE4300649CC6 /* libopencv_flann.dylib */; };
		727147B81901DE4300649CC6 /* libopencv_gpu.dylib in Frameworks */ = {isa = PBXBuildFile; fileRef = 727147A61901DE4300649CC6 /* libopencv_gpu.dylib */; };
		727147B91901DE4300649CC6 /* libopencv_highgui.dylib in Frameworks */ = {isa = PBXBuildFile; fileRef = 727147A71901DE4300649CC6 /* libopencv_highgui.dylib */; };
		727147BA1901DE4300649CC6 /* libopencv_imgproc.dylib in Frameworks */ = {isa = PBXBuildFile; fileRef = 727147A81901DE4300649CC6 /* libopencv_imgproc.dylib */; };
		727147BB1901DE4300649CC6 /* libopencv_legacy.dylib in Frameworks */ = {isa = PBXBuildFile; fileRef = 727147A91901DE4300649CC6 /* libopencv_legacy.dylib */; };
		727147BC1901DE4300649CC6 /* libopencv_ml.dylib in Frameworks */ = {isa = PBXBuildFile; fileRef = 727147AA1901DE4300649CC6 /* libopencv_ml.dylib */; };
		727147BD1901DE4300649CC6 /* libopencv_nonfree.dylib in Frameworks */ = {isa = PBXBuildFile; fileRef = 727147AB1901DE4300649CC6 /* libopencv_nonfree.dylib */; };
		727147BE1901DE4300649CC6 /* libopencv_objdetect.dylib in Frameworks */ = {isa = PBXBuildFile; fileRef = 727147AC1901DE4300649CC6 /* libopencv_objdetect.dylib */; };
		727147BF1901DE4300649CC6 /* libopencv_ocl.dylib in Frameworks */ = {isa = PBXBuildFile; fileRef = 727147AD1901DE4300649CC6 /* libopencv_ocl.dylib */; };
		727147C01901DE4300649CC6 /* libopencv_photo.dylib in Frameworks */ = {isa = PBXBuildFile; fileRef = 727147AE1901DE4300649CC6 /* libopencv_photo.dylib */; };
		727147C11901DE4300649CC6 /* libopencv_stitching.dylib in Frameworks */ = {isa = PBXBuildFile; fileRef = 727147AF1901DE4300649CC6 /* libopencv_stitching.dylib */; };
		727147C21901DE4300649CC6 /* libopencv_superres.dylib in Frameworks */ = {isa = PBXBuildFile; fileRef = 727147B01901DE4300649CC6 /* libopencv_superres.dylib */; };
		727147C31901DE4300649CC6 /* libopencv_video.dylib in Frameworks */ = {isa = PBXBuildFile; fileRef = 727147B11901DE4300649CC6 /* libopencv_video.dylib */; };
		727147C41901DE4300649CC6 /* libopencv_videostab.dylib in Frameworks */ = {isa = PBXBuildFile; fileRef = 727147B21901DE4300649CC6 /* libopencv_videostab.dylib */; };
		72941BAC1903F69600655514 /* KMeansMethods.cpp in Sources */ = {isa = PBXBuildFile; fileRef = 72941BAA1903F69600655514 /* KMeansMethods.cpp */; };
/* End PBXBuildFile section */

/* Begin PBXCopyFilesBuildPhase section */
		727147931901DCDE00649CC6 /* CopyFiles */ = {
			isa = PBXCopyFilesBuildPhase;
			buildActionMask = 2147483647;
			dstPath = /usr/share/man/man1/;
			dstSubfolderSpec = 0;
			files = (
				7271479B1901DCDE00649CC6 /* KMeans.1 in CopyFiles */,
			);
			runOnlyForDeploymentPostprocessing = 1;
		};
/* End PBXCopyFilesBuildPhase section */

/* Begin PBXFileReference section */
		721239131905686800AC7A66 /* Archive.cpp */ = {isa = PBXFileReference; fileEncoding = 4; lastKnownFileType = sourcecode.cpp.cpp; path = Archive.cpp; sourceTree = "<group>"; };
		721239141905686800AC7A66 /* Archive.hpp */ = {isa = PBXFileReference; fileEncoding = 4; lastKnownFileType = sourcecode.cpp.h; path = Archive.hpp; sourceTree = "<group>"; };
		721239161905691F00AC7A66 /* libboost_atomic.dylib */ = {isa = PBXFileReference; lastKnownFileType = "compiled.mach-o.dylib"; name = libboost_atomic.dylib; path = /usr/local/packages/boost_1_53_0/lib/libboost_atomic.dylib; sourceTree = "<absolute>"; };
		721239171905691F00AC7A66 /* libboost_chrono.dylib */ = {isa = PBXFileReference; lastKnownFileType = "compiled.mach-o.dylib"; name = libboost_chrono.dylib; path = /usr/local/packages/boost_1_53_0/lib/libboost_chrono.dylib; sourceTree = "<absolute>"; };
		721239181905691F00AC7A66 /* libboost_context.dylib */ = {isa = PBXFileReference; lastKnownFileType = "compiled.mach-o.dylib"; name = libboost_context.dylib; path = /usr/local/packages/boost_1_53_0/lib/libboost_context.dylib; sourceTree = "<absolute>"; };
		721239191905691F00AC7A66 /* libboost_date_time.dylib */ = {isa = PBXFileReference; lastKnownFileType = "compiled.mach-o.dylib"; name = libboost_date_time.dylib; path = /usr/local/packages/boost_1_53_0/lib/libboost_date_time.dylib; sourceTree = "<absolute>"; };
		7212391A1905691F00AC7A66 /* libboost_filesystem.dylib */ = {isa = PBXFileReference; lastKnownFileType = "compiled.mach-o.dylib"; name = libboost_filesystem.dylib; path = /usr/local/packages/boost_1_53_0/lib/libboost_filesystem.dylib; sourceTree = "<absolute>"; };
		7212391B1905691F00AC7A66 /* libboost_graph.dylib */ = {isa = PBXFileReference; lastKnownFileType = "compiled.mach-o.dylib"; name = libboost_graph.dylib; path = /usr/local/packages/boost_1_53_0/lib/libboost_graph.dylib; sourceTree = "<absolute>"; };
		7212391C1905691F00AC7A66 /* libboost_iostreams.dylib */ = {isa = PBXFileReference; lastKnownFileType = "compiled.mach-o.dylib"; name = libboost_iostreams.dylib; path = /usr/local/packages/boost_1_53_0/lib/libboost_iostreams.dylib; sourceTree = "<absolute>"; };
		7212391D1905691F00AC7A66 /* libboost_locale.dylib */ = {isa = PBXFileReference; lastKnownFileType = "compiled.mach-o.dylib"; name = libboost_locale.dylib; path = /usr/local/packages/boost_1_53_0/lib/libboost_locale.dylib; sourceTree = "<absolute>"; };
		7212391E1905691F00AC7A66 /* libboost_math_c99.dylib */ = {isa = PBXFileReference; lastKnownFileType = "compiled.mach-o.dylib"; name = libboost_math_c99.dylib; path = /usr/local/packages/boost_1_53_0/lib/libboost_math_c99.dylib; sourceTree = "<absolute>"; };
		7212391F1905691F00AC7A66 /* libboost_math_c99f.dylib */ = {isa = PBXFileReference; lastKnownFileType = "compiled.mach-o.dylib"; name = libboost_math_c99f.dylib; path = /usr/local/packages/boost_1_53_0/lib/libboost_math_c99f.dylib; sourceTree = "<absolute>"; };
		721239201905691F00AC7A66 /* libboost_math_c99l.dylib */ = {isa = PBXFileReference; lastKnownFileType = "compiled.mach-o.dylib"; name = libboost_math_c99l.dylib; path = /usr/local/packages/boost_1_53_0/lib/libboost_math_c99l.dylib; sourceTree = "<absolute>"; };
		721239211905691F00AC7A66 /* libboost_math_tr1.dylib */ = {isa = PBXFileReference; lastKnownFileType = "compiled.mach-o.dylib"; name = libboost_math_tr1.dylib; path = /usr/local/packages/boost_1_53_0/lib/libboost_math_tr1.dylib; sourceTree = "<absolute>"; };
		721239221905691F00AC7A66 /* libboost_math_tr1f.dylib */ = {isa = PBXFileReference; lastKnownFileType = "compiled.mach-o.dylib"; name = libboost_math_tr1f.dylib; path = /usr/local/packages/boost_1_53_0/lib/libboost_math_tr1f.dylib; sourceTree = "<absolute>"; };
		721239231905691F00AC7A66 /* libboost_math_tr1l.dylib */ = {isa = PBXFileReference; lastKnownFileType = "compiled.mach-o.dylib"; name = libboost_math_tr1l.dylib; path = /usr/local/packages/boost_1_53_0/lib/libboost_math_tr1l.dylib; sourceTree = "<absolute>"; };
		721239241905691F00AC7A66 /* libboost_prg_exec_monitor.dylib */ = {isa = PBXFileReference; lastKnownFileType = "compiled.mach-o.dylib"; name = libboost_prg_exec_monitor.dylib; path = /usr/local/packages/boost_1_53_0/lib/libboost_prg_exec_monitor.dylib; sourceTree = "<absolute>"; };
		721239251905691F00AC7A66 /* libboost_program_options.dylib */ = {isa = PBXFileReference; lastKnownFileType = "compiled.mach-o.dylib"; name = libboost_program_options.dylib; path = /usr/local/packages/boost_1_53_0/lib/libboost_program_options.dylib; sourceTree = "<absolute>"; };
		721239261905691F00AC7A66 /* libboost_python.dylib */ = {isa = PBXFileReference; lastKnownFileType = "compiled.mach-o.dylib"; name = libboost_python.dylib; path = /usr/local/packages/boost_1_53_0/lib/libboost_python.dylib; sourceTree = "<absolute>"; };
		721239271905691F00AC7A66 /* libboost_random.dylib */ = {isa = PBXFileReference; lastKnownFileType = "compiled.mach-o.dylib"; name = libboost_random.dylib; path = /usr/local/packages/boost_1_53_0/lib/libboost_random.dylib; sourceTree = "<absolute>"; };
		721239281905691F00AC7A66 /* libboost_regex.dylib */ = {isa = PBXFileReference; lastKnownFileType = "compiled.mach-o.dylib"; name = libboost_regex.dylib; path = /usr/local/packages/boost_1_53_0/lib/libboost_regex.dylib; sourceTree = "<absolute>"; };
		721239291905691F00AC7A66 /* libboost_serialization.dylib */ = {isa = PBXFileReference; lastKnownFileType = "compiled.mach-o.dylib"; name = libboost_serialization.dylib; path = /usr/local/packages/boost_1_53_0/lib/libboost_serialization.dylib; sourceTree = "<absolute>"; };
		7212392A1905691F00AC7A66 /* libboost_signals.dylib */ = {isa = PBXFileReference; lastKnownFileType = "compiled.mach-o.dylib"; name = libboost_signals.dylib; path = /usr/local/packages/boost_1_53_0/lib/libboost_signals.dylib; sourceTree = "<absolute>"; };
		7212392B1905691F00AC7A66 /* libboost_system.dylib */ = {isa = PBXFileReference; lastKnownFileType = "compiled.mach-o.dylib"; name = libboost_system.dylib; path = /usr/local/packages/boost_1_53_0/lib/libboost_system.dylib; sourceTree = "<absolute>"; };
		7212392C1905691F00AC7A66 /* libboost_thread.dylib */ = {isa = PBXFileReference; lastKnownFileType = "compiled.mach-o.dylib"; name = libboost_thread.dylib; path = /usr/local/packages/boost_1_53_0/lib/libboost_thread.dylib; sourceTree = "<absolute>"; };
		7212392D1905691F00AC7A66 /* libboost_timer.dylib */ = {isa = PBXFileReference; lastKnownFileType = "compiled.mach-o.dylib"; name = libboost_timer.dylib; path = /usr/local/packages/boost_1_53_0/lib/libboost_timer.dylib; sourceTree = "<absolute>"; };
		7212392E1905691F00AC7A66 /* libboost_unit_test_framework.dylib */ = {isa = PBXFileReference; lastKnownFileType = "compiled.mach-o.dylib"; name = libboost_unit_test_framework.dylib; path = /usr/local/packages/boost_1_53_0/lib/libboost_unit_test_framework.dylib; sourceTree = "<absolute>"; };
		7212392F1905691F00AC7A66 /* libboost_wave.dylib */ = {isa = PBXFileReference; lastKnownFileType = "compiled.mach-o.dylib"; name = libboost_wave.dylib; path = /usr/local/packages/boost_1_53_0/lib/libboost_wave.dylib; sourceTree = "<absolute>"; };
		721239301905691F00AC7A66 /* libboost_wserialization.dylib */ = {isa = PBXFileReference; lastKnownFileType = "compiled.mach-o.dylib"; name = libboost_wserialization.dylib; path = /usr/local/packages/boost_1_53_0/lib/libboost_wserialization.dylib; sourceTree = "<absolute>"; };
		726678141902A12E00DFFE03 /* main.cpp */ = {isa = PBXFileReference; fileEncoding = 4; lastKnownFileType = sourcecode.cpp.cpp; path = main.cpp; sourceTree = "<group>"; };
		727147951901DCDE00649CC6 /* KMeans */ = {isa = PBXFileReference; explicitFileType = "compiled.mach-o.executable"; includeInIndex = 0; path = KMeans; sourceTree = BUILT_PRODUCTS_DIR; };
		7271479A1901DCDE00649CC6 /* KMeans.1 */ = {isa = PBXFileReference; lastKnownFileType = text.man; path = KMeans.1; sourceTree = "<group>"; };
		727147A11901DE4300649CC6 /* libopencv_calib3d.dylib */ = {isa = PBXFileReference; lastKnownFileType = "compiled.mach-o.dylib"; name = libopencv_calib3d.dylib; path = /usr/local/Cellar/opencv/2.4.7.1/lib/libopencv_calib3d.dylib; sourceTree = "<absolute>"; };
		727147A21901DE4300649CC6 /* libopencv_contrib.dylib */ = {isa = PBXFileReference; lastKnownFileType = "compiled.mach-o.dylib"; name = libopencv_contrib.dylib; path = /usr/local/Cellar/opencv/2.4.7.1/lib/libopencv_contrib.dylib; sourceTree = "<absolute>"; };
		727147A31901DE4300649CC6 /* libopencv_core.dylib */ = {isa = PBXFileReference; lastKnownFileType = "compiled.mach-o.dylib"; name = libopencv_core.dylib; path = /usr/local/Cellar/opencv/2.4.7.1/lib/libopencv_core.dylib; sourceTree = "<absolute>"; };
		727147A41901DE4300649CC6 /* libopencv_features2d.dylib */ = {isa = PBXFileReference; lastKnownFileType = "compiled.mach-o.dylib"; name = libopencv_features2d.dylib; path = /usr/local/Cellar/opencv/2.4.7.1/lib/libopencv_features2d.dylib; sourceTree = "<absolute>"; };
		727147A51901DE4300649CC6 /* libopencv_flann.dylib */ = {isa = PBXFileReference; lastKnownFileType = "compiled.mach-o.dylib"; name = libopencv_flann.dylib; path = /usr/local/Cellar/opencv/2.4.7.1/lib/libopencv_flann.dylib; sourceTree = "<absolute>"; };
		727147A61901DE4300649CC6 /* libopencv_gpu.dylib */ = {isa = PBXFileReference; lastKnownFileType = "compiled.mach-o.dylib"; name = libopencv_gpu.dylib; path = /usr/local/Cellar/opencv/2.4.7.1/lib/libopencv_gpu.dylib; sourceTree = "<absolute>"; };
		727147A71901DE4300649CC6 /* libopencv_highgui.dylib */ = {isa = PBXFileReference; lastKnownFileType = "compiled.mach-o.dylib"; name = libopencv_highgui.dylib; path = /usr/local/Cellar/opencv/2.4.7.1/lib/libopencv_highgui.dylib; sourceTree = "<absolute>"; };
		727147A81901DE4300649CC6 /* libopencv_imgproc.dylib */ = {isa = PBXFileReference; lastKnownFileType = "compiled.mach-o.dylib"; name = libopencv_imgproc.dylib; path = /usr/local/Cellar/opencv/2.4.7.1/lib/libopencv_imgproc.dylib; sourceTree = "<absolute>"; };
		727147A91901DE4300649CC6 /* libopencv_legacy.dylib */ = {isa = PBXFileReference; lastKnownFileType = "compiled.mach-o.dylib"; name = libopencv_legacy.dylib; path = /usr/local/Cellar/opencv/2.4.7.1/lib/libopencv_legacy.dylib; sourceTree = "<absolute>"; };
		727147AA1901DE4300649CC6 /* libopencv_ml.dylib */ = {isa = PBXFileReference; lastKnownFileType = "compiled.mach-o.dylib"; name = libopencv_ml.dylib; path = /usr/local/Cellar/opencv/2.4.7.1/lib/libopencv_ml.dylib; sourceTree = "<absolute>"; };
		727147AB1901DE4300649CC6 /* libopencv_nonfree.dylib */ = {isa = PBXFileReference; lastKnownFileType = "compiled.mach-o.dylib"; name = libopencv_nonfree.dylib; path = /usr/local/Cellar/opencv/2.4.7.1/lib/libopencv_nonfree.dylib; sourceTree = "<absolute>"; };
		727147AC1901DE4300649CC6 /* libopencv_objdetect.dylib */ = {isa = PBXFileReference; lastKnownFileType = "compiled.mach-o.dylib"; name = libopencv_objdetect.dylib; path = /usr/local/Cellar/opencv/2.4.7.1/lib/libopencv_objdetect.dylib; sourceTree = "<absolute>"; };
		727147AD1901DE4300649CC6 /* libopencv_ocl.dylib */ = {isa = PBXFileReference; lastKnownFileType = "compiled.mach-o.dylib"; name = libopencv_ocl.dylib; path = /usr/local/Cellar/opencv/2.4.7.1/lib/libopencv_ocl.dylib; sourceTree = "<absolute>"; };
		727147AE1901DE4300649CC6 /* libopencv_photo.dylib */ = {isa = PBXFileReference; lastKnownFileType = "compiled.mach-o.dylib"; name = libopencv_photo.dylib; path = /usr/local/Cellar/opencv/2.4.7.1/lib/libopencv_photo.dylib; sourceTree = "<absolute>"; };
		727147AF1901DE4300649CC6 /* libopencv_stitching.dylib */ = {isa = PBXFileReference; lastKnownFileType = "compiled.mach-o.dylib"; name = libopencv_stitching.dylib; path = /usr/local/Cellar/opencv/2.4.7.1/lib/libopencv_stitching.dylib; sourceTree = "<absolute>"; };
		727147B01901DE4300649CC6 /* libopencv_superres.dylib */ = {isa = PBXFileReference; lastKnownFileType = "compiled.mach-o.dylib"; name = libopencv_superres.dylib; path = /usr/local/Cellar/opencv/2.4.7.1/lib/libopencv_superres.dylib; sourceTree = "<absolute>"; };
		727147B11901DE4300649CC6 /* libopencv_video.dylib */ = {isa = PBXFileReference; lastKnownFileType = "compiled.mach-o.dylib"; name = libopencv_video.dylib; path = /usr/local/Cellar/opencv/2.4.7.1/lib/libopencv_video.dylib; sourceTree = "<absolute>"; };
		727147B21901DE4300649CC6 /* libopencv_videostab.dylib */ = {isa = PBXFileReference; lastKnownFileType = "compiled.mach-o.dylib"; name = libopencv_videostab.dylib; path = /usr/local/Cellar/opencv/2.4.7.1/lib/libopencv_videostab.dylib; sourceTree = "<absolute>"; };
		72941BAA1903F69600655514 /* KMeansMethods.cpp */ = {isa = PBXFileReference; fileEncoding = 4; lastKnownFileType = sourcecode.cpp.cpp; path = KMeansMethods.cpp; sourceTree = "<group>"; };
		72941BAB1903F69600655514 /* KMeansMethods.h */ = {isa = PBXFileReference; fileEncoding = 4; lastKnownFileType = sourcecode.c.h; path = KMeansMethods.h; sourceTree = "<group>"; };
/* End PBXFileReference section */

/* Begin PBXFrameworksBuildPhase section */
		727147921901DCDE00649CC6 /* Frameworks */ = {
			isa = PBXFrameworksBuildPhase;
			buildActionMask = 2147483647;
			files = (
				727147B31901DE4300649CC6 /* libopencv_calib3d.dylib in Frameworks */,
				727147B41901DE4300649CC6 /* libopencv_contrib.dylib in Frameworks */,
				727147B51901DE4300649CC6 /* libopencv_core.dylib in Frameworks */,
				727147B61901DE4300649CC6 /* libopencv_features2d.dylib in Frameworks */,
				727147B71901DE4300649CC6 /* libopencv_flann.dylib in Frameworks */,
				727147B81901DE4300649CC6 /* libopencv_gpu.dylib in Frameworks */,
				727147B91901DE4300649CC6 /* libopencv_highgui.dylib in Frameworks */,
				727147BA1901DE4300649CC6 /* libopencv_imgproc.dylib in Frameworks */,
				727147BB1901DE4300649CC6 /* libopencv_legacy.dylib in Frameworks */,
				727147BC1901DE4300649CC6 /* libopencv_ml.dylib in Frameworks */,
				727147BD1901DE4300649CC6 /* libopencv_nonfree.dylib in Frameworks */,
				727147BE1901DE4300649CC6 /* libopencv_objdetect.dylib in Frameworks */,
				727147BF1901DE4300649CC6 /* libopencv_ocl.dylib in Frameworks */,
				727147C01901DE4300649CC6 /* libopencv_photo.dylib in Frameworks */,
				727147C11901DE4300649CC6 /* libopencv_stitching.dylib in Frameworks */,
				727147C21901DE4300649CC6 /* libopencv_superres.dylib in Frameworks */,
				727147C31901DE4300649CC6 /* libopencv_video.dylib in Frameworks */,
				727147C41901DE4300649CC6 /* libopencv_videostab.dylib in Frameworks */,
				721239311905691F00AC7A66 /* libboost_atomic.dylib in Frameworks */,
				721239321905691F00AC7A66 /* libboost_chrono.dylib in Frameworks */,
				721239331905691F00AC7A66 /* libboost_context.dylib in Frameworks */,
				721239341905691F00AC7A66 /* libboost_date_time.dylib in Frameworks */,
				721239351905691F00AC7A66 /* libboost_filesystem.dylib in Frameworks */,
				721239361905691F00AC7A66 /* libboost_graph.dylib in Frameworks */,
				721239371905691F00AC7A66 /* libboost_iostreams.dylib in Frameworks */,
				721239381905691F00AC7A66 /* libboost_locale.dylib in Frameworks */,
				721239391905691F00AC7A66 /* libboost_math_c99.dylib in Frameworks */,
				7212393A1905691F00AC7A66 /* libboost_math_c99f.dylib in Frameworks */,
				7212393B1905691F00AC7A66 /* libboost_math_c99l.dylib in Frameworks */,
				7212393C1905691F00AC7A66 /* libboost_math_tr1.dylib in Frameworks */,
				7212393D1905691F00AC7A66 /* libboost_math_tr1f.dylib in Frameworks */,
				7212393E1905691F00AC7A66 /* libboost_math_tr1l.dylib in Frameworks */,
				7212393F1905691F00AC7A66 /* libboost_prg_exec_monitor.dylib in Frameworks */,
				721239401905691F00AC7A66 /* libboost_program_options.dylib in Frameworks */,
				721239411905691F00AC7A66 /* libboost_python.dylib in Frameworks */,
				721239421905691F00AC7A66 /* libboost_random.dylib in Frameworks */,
				721239431905691F00AC7A66 /* libboost_regex.dylib in Frameworks */,
				721239441905691F00AC7A66 /* libboost_serialization.dylib in Frameworks */,
				721239451905691F00AC7A66 /* libboost_signals.dylib in Frameworks */,
				721239461905691F00AC7A66 /* libboost_system.dylib in Frameworks */,
				721239471905691F00AC7A66 /* libboost_thread.dylib in Frameworks */,
				721239481905691F00AC7A66 /* libboost_timer.dylib in Frameworks */,
				721239491905691F00AC7A66 /* libboost_unit_test_framework.dylib in Frameworks */,
				7212394A1905691F00AC7A66 /* libboost_wave.dylib in Frameworks */,
				7212394B1905691F00AC7A66 /* libboost_wserialization.dylib in Frameworks */,
			);
			runOnlyForDeploymentPostprocessing = 0;
		};
/* End PBXFrameworksBuildPhase section */

/* Begin PBXGroup section */
		7212394C1905692600AC7A66 /* Boost */ = {
			isa = PBXGroup;
			children = (
				721239161905691F00AC7A66 /* libboost_atomic.dylib */,
				721239171905691F00AC7A66 /* libboost_chrono.dylib */,
				721239181905691F00AC7A66 /* libboost_context.dylib */,
				721239191905691F00AC7A66 /* libboost_date_time.dylib */,
				7212391A1905691F00AC7A66 /* libboost_filesystem.dylib */,
				7212391B1905691F00AC7A66 /* libboost_graph.dylib */,
				7212391C1905691F00AC7A66 /* libboost_iostreams.dylib */,
				7212391D1905691F00AC7A66 /* libboost_locale.dylib */,
				7212391E1905691F00AC7A66 /* libboost_math_c99.dylib */,
				7212391F1905691F00AC7A66 /* libboost_math_c99f.dylib */,
				721239201905691F00AC7A66 /* libboost_math_c99l.dylib */,
				721239211905691F00AC7A66 /* libboost_math_tr1.dylib */,
				721239221905691F00AC7A66 /* libboost_math_tr1f.dylib */,
				721239231905691F00AC7A66 /* libboost_math_tr1l.dylib */,
				721239241905691F00AC7A66 /* libboost_prg_exec_monitor.dylib */,
				721239251905691F00AC7A66 /* libboost_program_options.dylib */,
				721239261905691F00AC7A66 /* libboost_python.dylib */,
				721239271905691F00AC7A66 /* libboost_random.dylib */,
				721239281905691F00AC7A66 /* libboost_regex.dylib */,
				721239291905691F00AC7A66 /* libboost_serialization.dylib */,
				7212392A1905691F00AC7A66 /* libboost_signals.dylib */,
				7212392B1905691F00AC7A66 /* libboost_system.dylib */,
				7212392C1905691F00AC7A66 /* libboost_thread.dylib */,
				7212392D1905691F00AC7A66 /* libboost_timer.dylib */,
				7212392E1905691F00AC7A66 /* libboost_unit_test_framework.dylib */,
				7212392F1905691F00AC7A66 /* libboost_wave.dylib */,
				721239301905691F00AC7A66 /* libboost_wserialization.dylib */,
			);
			name = Boost;
			sourceTree = "<group>";
		};
		7271478C1901DCDE00649CC6 = {
			isa = PBXGroup;
			children = (
				7212394C1905692600AC7A66 /* Boost */,
				727147C71901E66E00649CC6 /* OpenCV */,
				727147971901DCDE00649CC6 /* KMeans */,
				727147961901DCDE00649CC6 /* Products */,
			);
			sourceTree = "<group>";
		};
		727147961901DCDE00649CC6 /* Products */ = {
			isa = PBXGroup;
			children = (
				727147951901DCDE00649CC6 /* KMeans */,
			);
			name = Products;
			sourceTree = "<group>";
		};
		727147971901DCDE00649CC6 /* KMeans */ = {
			isa = PBXGroup;
			children = (
				7271479A1901DCDE00649CC6 /* KMeans.1 */,
				726678141902A12E00DFFE03 /* main.cpp */,
				72941BAA1903F69600655514 /* KMeansMethods.cpp */,
				72941BAB1903F69600655514 /* KMeansMethods.h */,
				721239131905686800AC7A66 /* Archive.cpp */,
				721239141905686800AC7A66 /* Archive.hpp */,
			);
			path = KMeans;
			sourceTree = "<group>";
		};
		727147C71901E66E00649CC6 /* OpenCV */ = {
			isa = PBXGroup;
			children = (
				727147A11901DE4300649CC6 /* libopencv_calib3d.dylib */,
				727147A21901DE4300649CC6 /* libopencv_contrib.dylib */,
				727147A31901DE4300649CC6 /* libopencv_core.dylib */,
				727147A41901DE4300649CC6 /* libopencv_features2d.dylib */,
				727147A51901DE4300649CC6 /* libopencv_flann.dylib */,
				727147A61901DE4300649CC6 /* libopencv_gpu.dylib */,
				727147A71901DE4300649CC6 /* libopencv_highgui.dylib */,
				727147A81901DE4300649CC6 /* libopencv_imgproc.dylib */,
				727147A91901DE4300649CC6 /* libopencv_legacy.dylib */,
				727147AA1901DE4300649CC6 /* libopencv_ml.dylib */,
				727147AB1901DE4300649CC6 /* libopencv_nonfree.dylib */,
				727147AC1901DE4300649CC6 /* libopencv_objdetect.dylib */,
				727147AD1901DE4300649CC6 /* libopencv_ocl.dylib */,
				727147AE1901DE4300649CC6 /* libopencv_photo.dylib */,
				727147AF1901DE4300649CC6 /* libopencv_stitching.dylib */,
				727147B01901DE4300649CC6 /* libopencv_superres.dylib */,
				727147B11901DE4300649CC6 /* libopencv_video.dylib */,
				727147B21901DE4300649CC6 /* libopencv_videostab.dylib */,
			);
			name = OpenCV;
			sourceTree = "<group>";
		};
/* End PBXGroup section */

/* Begin PBXNativeTarget section */
		727147941901DCDE00649CC6 /* KMeans */ = {
			isa = PBXNativeTarget;
			buildConfigurationList = 7271479E1901DCDE00649CC6 /* Build configuration list for PBXNativeTarget "KMeans" */;
			buildPhases = (
				727147911901DCDE00649CC6 /* Sources */,
				727147921901DCDE00649CC6 /* Frameworks */,
				727147931901DCDE00649CC6 /* CopyFiles */,
			);
			buildRules = (
			);
			dependencies = (
			);
			name = KMeans;
			productName = KMeans;
			productReference = 727147951901DCDE00649CC6 /* KMeans */;
			productType = "com.apple.product-type.tool";
		};
/* End PBXNativeTarget section */

/* Begin PBXProject section */
		7271478D1901DCDE00649CC6 /* Project object */ = {
			isa = PBXProject;
			attributes = {
				LastUpgradeCheck = 0510;
				ORGANIZATIONNAME = "Donald Johnson";
			};
			buildConfigurationList = 727147901901DCDE00649CC6 /* Build configuration list for PBXProject "KMeans" */;
			compatibilityVersion = "Xcode 3.2";
			developmentRegion = English;
			hasScannedForEncodings = 0;
			knownRegions = (
				en,
			);
			mainGroup = 7271478C1901DCDE00649CC6;
			productRefGroup = 727147961901DCDE00649CC6 /* Products */;
			projectDirPath = "";
			projectRoot = "";
			targets = (
				727147941901DCDE00649CC6 /* KMeans */,
			);
		};
/* End PBXProject section */

/* Begin PBXSourcesBuildPhase section */
		727147911901DCDE00649CC6 /* Sources */ = {
			isa = PBXSourcesBuildPhase;
			buildActionMask = 2147483647;
			files = (
				72941BAC1903F69600655514 /* KMeansMethods.cpp in Sources */,
				726678161902A12E00DFFE03 /* main.cpp in Sources */,
				721239151905686800AC7A66 /* Archive.cpp in Sources */,
			);
			runOnlyForDeploymentPostprocessing = 0;
		};
/* End PBXSourcesBuildPhase section */

/* Begin XCBuildConfiguration section */
		7271479C1901DCDE00649CC6 /* Debug */ = {
			isa = XCBuildConfiguration;
			buildSettings = {
				ALWAYS_SEARCH_USER_PATHS = NO;
				CLANG_CXX_LANGUAGE_STANDARD = "c++0x";
				CLANG_CXX_LIBRARY = "libc++";
				CLANG_ENABLE_MODULES = YES;
				CLANG_ENABLE_OBJC_ARC = YES;
				CLANG_WARN_BOOL_CONVERSION = YES;
				CLANG_WARN_CONSTANT_CONVERSION = YES;
				CLANG_WARN_DIRECT_OBJC_ISA_USAGE = YES_ERROR;
				CLANG_WARN_EMPTY_BODY = YES;
				CLANG_WARN_ENUM_CONVERSION = YES;
				CLANG_WARN_INT_CONVERSION = YES;
				CLANG_WARN_OBJC_ROOT_CLASS = YES_ERROR;
				CLANG_WARN__DUPLICATE_METHOD_MATCH = YES;
				COPY_PHASE_STRIP = NO;
				GCC_C_LANGUAGE_STANDARD = c11;
				GCC_DYNAMIC_NO_PIC = NO;
				GCC_ENABLE_OBJC_EXCEPTIONS = YES;
				GCC_OPTIMIZATION_LEVEL = 0;
				GCC_PREPROCESSOR_DEFINITIONS = (
					"DEBUG=1",
					"$(inherited)",
				);
				GCC_SYMBOLS_PRIVATE_EXTERN = NO;
				GCC_WARN_64_TO_32_BIT_CONVERSION = YES;
				GCC_WARN_ABOUT_RETURN_TYPE = YES_ERROR;
				GCC_WARN_UNDECLARED_SELECTOR = YES;
				GCC_WARN_UNINITIALIZED_AUTOS = YES_AGGRESSIVE;
				GCC_WARN_UNUSED_FUNCTION = YES;
				GCC_WARN_UNUSED_VARIABLE = YES;
				MACOSX_DEPLOYMENT_TARGET = 10.9;
				ONLY_ACTIVE_ARCH = YES;
				SDKROOT = macosx;
			};
			name = Debug;
		};
		7271479D1901DCDE00649CC6 /* Release */ = {
			isa = XCBuildConfiguration;
			buildSettings = {
				ALWAYS_SEARCH_USER_PATHS = NO;
				CLANG_CXX_LANGUAGE_STANDARD = "c++0x";
				CLANG_CXX_LIBRARY = "libc++";
				CLANG_ENABLE_MODULES = YES;
				CLANG_ENABLE_OBJC_ARC = YES;
				CLANG_WARN_BOOL_CONVERSION = YES;
				CLANG_WARN_CONSTANT_CONVERSION = YES;
				CLANG_WARN_DIRECT_OBJC_ISA_USAGE = YES_ERROR;
				CLANG_WARN_EMPTY_BODY = YES;
				CLANG_WARN_ENUM_CONVERSION = YES;
				CLANG_WARN_INT_CONVERSION = YES;
				CLANG_WARN_OBJC_ROOT_CLASS = YES_ERROR;
				CLANG_WARN__DUPLICATE_METHOD_MATCH = YES;
				COPY_PHASE_STRIP = YES;
				DEBUG_INFORMATION_FORMAT = "dwarf-with-dsym";
				ENABLE_NS_ASSERTIONS = NO;
				GCC_C_LANGUAGE_STANDARD = c11;
				GCC_ENABLE_OBJC_EXCEPTIONS = YES;
				GCC_WARN_64_TO_32_BIT_CONVERSION = YES;
				GCC_WARN_ABOUT_RETURN_TYPE = YES_ERROR;
				GCC_WARN_UNDECLARED_SELECTOR = YES;
				GCC_WARN_UNINITIALIZED_AUTOS = YES_AGGRESSIVE;
				GCC_WARN_UNUSED_FUNCTION = YES;
				GCC_WARN_UNUSED_VARIABLE = YES;
				MACOSX_DEPLOYMENT_TARGET = 10.9;
				SDKROOT = macosx;
			};
			name = Release;
		};
		7271479F1901DCDE00649CC6 /* Debug */ = {
			isa = XCBuildConfiguration;
			buildSettings = {
				HEADER_SEARCH_PATHS = (
					/usr/local/packages/boost_1_53_0/include,
					/usr/local/Cellar/opencv/2.4.7.1/include,
				);
				LIBRARY_SEARCH_PATHS = (
					/usr/local/packages/boost_1_53_0/lib,
					/usr/local/Cellar/opencv/2.4.7.1/lib,
				);
				PRODUCT_NAME = "$(TARGET_NAME)";
			};
			name = Debug;
		};
		727147A01901DCDE00649CC6 /* Release */ = {
			isa = XCBuildConfiguration;
			buildSettings = {
				HEADER_SEARCH_PATHS = (
					/usr/local/packages/boost_1_53_0/include,
					/usr/local/Cellar/opencv/2.4.7.1/include,
				);
				LIBRARY_SEARCH_PATHS = (
					/usr/local/packages/boost_1_53_0/lib,
					/usr/local/Cellar/opencv/2.4.7.1/lib,
				);
				PRODUCT_NAME = "$(TARGET_NAME)";
			};
			name = Release;
		};
/* End XCBuildConfiguration section */

/* Begin XCConfigurationList section */
		727147901901DCDE00649CC6 /* Build configuration list for PBXProject "KMeans" */ = {
			isa = XCConfigurationList;
			buildConfigurations = (
				7271479C1901DCDE00649CC6 /* Debug */,
				7271479D1901DCDE00649CC6 /* Release */,
			);
			defaultConfigurationIsVisible = 0;
			defaultConfigurationName = Release;
		};
		7271479E1901DCDE00649CC6 /* Build configuration list for PBXNativeTarget "KMeans" */ = {
			isa = XCConfigurationList;
			buildConfigurations = (
				7271479F1901DCDE00649CC6 /* Debug */,
				727147A01901DCDE00649CC6 /* Release */,
			);
			defaultConfigurationIsVisible = 0;
			defaultConfigurationName = Release;
		};
/* End XCConfigurationList section */
	};
	rootObject = 7271478D1901DCDE00649CC6 /* Project object */;
}
