// !$*UTF8*$!
{
	archiveVersion = 1;
	classes = {
	};
	objectVersion = 46;
	objects = {

/* Begin PBXBuildFile section */
		72951E9D190C5DE600618A74 /* CountObjectsMethods.cpp in Sources */ = {isa = PBXBuildFile; fileRef = 72951E96190C5DE600618A74 /* CountObjectsMethods.cpp */; };
		72951E9E190C5DE600618A74 /* FloodFillMethods.cpp in Sources */ = {isa = PBXBuildFile; fileRef = 72951E98190C5DE600618A74 /* FloodFillMethods.cpp */; };
		72951E9F190C5DE600618A74 /* main.cpp in Sources */ = {isa = PBXBuildFile; fileRef = 72951E9A190C5DE600618A74 /* main.cpp */; };
		72951EA0190C5DE600618A74 /* Stack.cpp in Sources */ = {isa = PBXBuildFile; fileRef = 72951E9B190C5DE600618A74 /* Stack.cpp */; };
		72951F28190C6CC400618A74 /* Archive.cpp in Sources */ = {isa = PBXBuildFile; fileRef = 72951F24190C6CC400618A74 /* Archive.cpp */; };
		72951F29190C6CC400618A74 /* KMeansMethods.cpp in Sources */ = {isa = PBXBuildFile; fileRef = 72951F26190C6CC400618A74 /* KMeansMethods.cpp */; };
		72951F45190C819400618A74 /* libboost_atomic.dylib in Frameworks */ = {isa = PBXBuildFile; fileRef = 72951F2A190C819400618A74 /* libboost_atomic.dylib */; };
		72951F46190C819400618A74 /* libboost_chrono.dylib in Frameworks */ = {isa = PBXBuildFile; fileRef = 72951F2B190C819400618A74 /* libboost_chrono.dylib */; };
		72951F47190C819400618A74 /* libboost_context.dylib in Frameworks */ = {isa = PBXBuildFile; fileRef = 72951F2C190C819400618A74 /* libboost_context.dylib */; };
		72951F48190C819400618A74 /* libboost_date_time.dylib in Frameworks */ = {isa = PBXBuildFile; fileRef = 72951F2D190C819400618A74 /* libboost_date_time.dylib */; };
		72951F49190C819500618A74 /* libboost_filesystem.dylib in Frameworks */ = {isa = PBXBuildFile; fileRef = 72951F2E190C819400618A74 /* libboost_filesystem.dylib */; };
		72951F4A190C819500618A74 /* libboost_graph.dylib in Frameworks */ = {isa = PBXBuildFile; fileRef = 72951F2F190C819400618A74 /* libboost_graph.dylib */; };
		72951F4B190C819500618A74 /* libboost_iostreams.dylib in Frameworks */ = {isa = PBXBuildFile; fileRef = 72951F30190C819400618A74 /* libboost_iostreams.dylib */; };
		72951F4C190C819500618A74 /* libboost_locale.dylib in Frameworks */ = {isa = PBXBuildFile; fileRef = 72951F31190C819400618A74 /* libboost_locale.dylib */; };
		72951F4D190C819500618A74 /* libboost_math_c99.dylib in Frameworks */ = {isa = PBXBuildFile; fileRef = 72951F32190C819400618A74 /* libboost_math_c99.dylib */; };
		72951F4E190C819500618A74 /* libboost_math_c99f.dylib in Frameworks */ = {isa = PBXBuildFile; fileRef = 72951F33190C819400618A74 /* libboost_math_c99f.dylib */; };
		72951F4F190C819500618A74 /* libboost_math_c99l.dylib in Frameworks */ = {isa = PBXBuildFile; fileRef = 72951F34190C819400618A74 /* libboost_math_c99l.dylib */; };
		72951F50190C819500618A74 /* libboost_math_tr1.dylib in Frameworks */ = {isa = PBXBuildFile; fileRef = 72951F35190C819400618A74 /* libboost_math_tr1.dylib */; };
		72951F51190C819500618A74 /* libboost_math_tr1f.dylib in Frameworks */ = {isa = PBXBuildFile; fileRef = 72951F36190C819400618A74 /* libboost_math_tr1f.dylib */; };
		72951F52190C819500618A74 /* libboost_math_tr1l.dylib in Frameworks */ = {isa = PBXBuildFile; fileRef = 72951F37190C819400618A74 /* libboost_math_tr1l.dylib */; };
		72951F53190C819500618A74 /* libboost_prg_exec_monitor.dylib in Frameworks */ = {isa = PBXBuildFile; fileRef = 72951F38190C819400618A74 /* libboost_prg_exec_monitor.dylib */; };
		72951F54190C819500618A74 /* libboost_program_options.dylib in Frameworks */ = {isa = PBXBuildFile; fileRef = 72951F39190C819400618A74 /* libboost_program_options.dylib */; };
		72951F55190C819500618A74 /* libboost_python.dylib in Frameworks */ = {isa = PBXBuildFile; fileRef = 72951F3A190C819400618A74 /* libboost_python.dylib */; };
		72951F56190C819500618A74 /* libboost_random.dylib in Frameworks */ = {isa = PBXBuildFile; fileRef = 72951F3B190C819400618A74 /* libboost_random.dylib */; };
		72951F57190C819500618A74 /* libboost_regex.dylib in Frameworks */ = {isa = PBXBuildFile; fileRef = 72951F3C190C819400618A74 /* libboost_regex.dylib */; };
		72951F58190C819500618A74 /* libboost_serialization.dylib in Frameworks */ = {isa = PBXBuildFile; fileRef = 72951F3D190C819400618A74 /* libboost_serialization.dylib */; };
		72951F59190C819500618A74 /* libboost_signals.dylib in Frameworks */ = {isa = PBXBuildFile; fileRef = 72951F3E190C819400618A74 /* libboost_signals.dylib */; };
		72951F5A190C819500618A74 /* libboost_system.dylib in Frameworks */ = {isa = PBXBuildFile; fileRef = 72951F3F190C819400618A74 /* libboost_system.dylib */; };
		72951F5B190C819500618A74 /* libboost_thread.dylib in Frameworks */ = {isa = PBXBuildFile; fileRef = 72951F40190C819400618A74 /* libboost_thread.dylib */; };
		72951F5C190C819500618A74 /* libboost_timer.dylib in Frameworks */ = {isa = PBXBuildFile; fileRef = 72951F41190C819400618A74 /* libboost_timer.dylib */; };
		72951F5D190C819500618A74 /* libboost_unit_test_framework.dylib in Frameworks */ = {isa = PBXBuildFile; fileRef = 72951F42190C819400618A74 /* libboost_unit_test_framework.dylib */; };
		72951F5E190C819500618A74 /* libboost_wave.dylib in Frameworks */ = {isa = PBXBuildFile; fileRef = 72951F43190C819400618A74 /* libboost_wave.dylib */; };
		72951F5F190C819500618A74 /* libboost_wserialization.dylib in Frameworks */ = {isa = PBXBuildFile; fileRef = 72951F44190C819400618A74 /* libboost_wserialization.dylib */; };
		72CA39A018F437A9001401AB /* Canny.cpp in Sources */ = {isa = PBXBuildFile; fileRef = 72CA399F18F437A9001401AB /* Canny.cpp */; };
		72CA39A218F437A9001401AB /* CountObjects.1 in CopyFiles */ = {isa = PBXBuildFile; fileRef = 72CA39A118F437A9001401AB /* CountObjects.1 */; };
		72CA39E518F457A1001401AB /* libopencv_calib3d.dylib in Frameworks */ = {isa = PBXBuildFile; fileRef = 72CA39AC18F457A1001401AB /* libopencv_calib3d.dylib */; };
		72CA39E818F457A1001401AB /* libopencv_contrib.dylib in Frameworks */ = {isa = PBXBuildFile; fileRef = 72CA39AF18F457A1001401AB /* libopencv_contrib.dylib */; };
		72CA39EB18F457A1001401AB /* libopencv_core.dylib in Frameworks */ = {isa = PBXBuildFile; fileRef = 72CA39B218F457A1001401AB /* libopencv_core.dylib */; };
		72CA39EE18F457A1001401AB /* libopencv_features2d.dylib in Frameworks */ = {isa = PBXBuildFile; fileRef = 72CA39B518F457A1001401AB /* libopencv_features2d.dylib */; };
		72CA39F118F457A1001401AB /* libopencv_flann.dylib in Frameworks */ = {isa = PBXBuildFile; fileRef = 72CA39B818F457A1001401AB /* libopencv_flann.dylib */; };
		72CA39F418F457A1001401AB /* libopencv_gpu.dylib in Frameworks */ = {isa = PBXBuildFile; fileRef = 72CA39BB18F457A1001401AB /* libopencv_gpu.dylib */; };
		72CA39F718F457A1001401AB /* libopencv_highgui.dylib in Frameworks */ = {isa = PBXBuildFile; fileRef = 72CA39BE18F457A1001401AB /* libopencv_highgui.dylib */; };
		72CA39FA18F457A1001401AB /* libopencv_imgproc.dylib in Frameworks */ = {isa = PBXBuildFile; fileRef = 72CA39C118F457A1001401AB /* libopencv_imgproc.dylib */; };
		72CA39FD18F457A1001401AB /* libopencv_legacy.dylib in Frameworks */ = {isa = PBXBuildFile; fileRef = 72CA39C418F457A1001401AB /* libopencv_legacy.dylib */; };
		72CA3A0018F457A1001401AB /* libopencv_ml.dylib in Frameworks */ = {isa = PBXBuildFile; fileRef = 72CA39C718F457A1001401AB /* libopencv_ml.dylib */; };
		72CA3A0318F457A1001401AB /* libopencv_nonfree.dylib in Frameworks */ = {isa = PBXBuildFile; fileRef = 72CA39CA18F457A1001401AB /* libopencv_nonfree.dylib */; };
		72CA3A0618F457A1001401AB /* libopencv_objdetect.dylib in Frameworks */ = {isa = PBXBuildFile; fileRef = 72CA39CD18F457A1001401AB /* libopencv_objdetect.dylib */; };
		72CA3A0918F457A1001401AB /* libopencv_ocl.dylib in Frameworks */ = {isa = PBXBuildFile; fileRef = 72CA39D018F457A1001401AB /* libopencv_ocl.dylib */; };
		72CA3A0C18F457A1001401AB /* libopencv_photo.dylib in Frameworks */ = {isa = PBXBuildFile; fileRef = 72CA39D318F457A1001401AB /* libopencv_photo.dylib */; };
		72CA3A0F18F457A1001401AB /* libopencv_stitching.dylib in Frameworks */ = {isa = PBXBuildFile; fileRef = 72CA39D618F457A1001401AB /* libopencv_stitching.dylib */; };
		72CA3A1218F457A1001401AB /* libopencv_superres.dylib in Frameworks */ = {isa = PBXBuildFile; fileRef = 72CA39D918F457A1001401AB /* libopencv_superres.dylib */; };
		72CA3A1618F457A1001401AB /* libopencv_video.dylib in Frameworks */ = {isa = PBXBuildFile; fileRef = 72CA39DD18F457A1001401AB /* libopencv_video.dylib */; };
		72CA3A1918F457A1001401AB /* libopencv_videostab.dylib in Frameworks */ = {isa = PBXBuildFile; fileRef = 72CA39E018F457A1001401AB /* libopencv_videostab.dylib */; };
		72CA3A1D18F45859001401AB /* CannyMethods.cpp in Sources */ = {isa = PBXBuildFile; fileRef = 72CA3A1B18F45859001401AB /* CannyMethods.cpp */; };
		72F3FBF9190DE2AD00586A2C /* Moments.cpp in Sources */ = {isa = PBXBuildFile; fileRef = 72F3FBF7190DE2AD00586A2C /* Moments.cpp */; };
/* End PBXBuildFile section */

/* Begin PBXCopyFilesBuildPhase section */
		72CA399A18F437A9001401AB /* CopyFiles */ = {
			isa = PBXCopyFilesBuildPhase;
			buildActionMask = 2147483647;
			dstPath = /usr/share/man/man1/;
			dstSubfolderSpec = 0;
			files = (
				72CA39A218F437A9001401AB /* CountObjects.1 in CopyFiles */,
			);
			runOnlyForDeploymentPostprocessing = 1;
		};
/* End PBXCopyFilesBuildPhase section */

/* Begin PBXFileReference section */
		72951E96190C5DE600618A74 /* CountObjectsMethods.cpp */ = {isa = PBXFileReference; fileEncoding = 4; lastKnownFileType = sourcecode.cpp.cpp; path = CountObjectsMethods.cpp; sourceTree = "<group>"; };
		72951E97190C5DE600618A74 /* CountObjectsMethods.h */ = {isa = PBXFileReference; fileEncoding = 4; lastKnownFileType = sourcecode.c.h; path = CountObjectsMethods.h; sourceTree = "<group>"; };
		72951E98190C5DE600618A74 /* FloodFillMethods.cpp */ = {isa = PBXFileReference; fileEncoding = 4; lastKnownFileType = sourcecode.cpp.cpp; path = FloodFillMethods.cpp; sourceTree = "<group>"; };
		72951E99190C5DE600618A74 /* FloodFillMethods.h */ = {isa = PBXFileReference; fileEncoding = 4; lastKnownFileType = sourcecode.c.h; path = FloodFillMethods.h; sourceTree = "<group>"; };
		72951E9A190C5DE600618A74 /* main.cpp */ = {isa = PBXFileReference; fileEncoding = 4; lastKnownFileType = sourcecode.cpp.cpp; path = main.cpp; sourceTree = "<group>"; };
		72951E9B190C5DE600618A74 /* Stack.cpp */ = {isa = PBXFileReference; fileEncoding = 4; lastKnownFileType = sourcecode.cpp.cpp; path = Stack.cpp; sourceTree = "<group>"; };
		72951E9C190C5DE600618A74 /* Stack.hpp */ = {isa = PBXFileReference; fileEncoding = 4; lastKnownFileType = sourcecode.cpp.h; path = Stack.hpp; sourceTree = "<group>"; };
		72951F24190C6CC400618A74 /* Archive.cpp */ = {isa = PBXFileReference; fileEncoding = 4; lastKnownFileType = sourcecode.cpp.cpp; path = Archive.cpp; sourceTree = "<group>"; };
		72951F25190C6CC400618A74 /* Archive.hpp */ = {isa = PBXFileReference; fileEncoding = 4; lastKnownFileType = sourcecode.cpp.h; path = Archive.hpp; sourceTree = "<group>"; };
		72951F26190C6CC400618A74 /* KMeansMethods.cpp */ = {isa = PBXFileReference; fileEncoding = 4; lastKnownFileType = sourcecode.cpp.cpp; path = KMeansMethods.cpp; sourceTree = "<group>"; };
		72951F27190C6CC400618A74 /* KMeansMethods.h */ = {isa = PBXFileReference; fileEncoding = 4; lastKnownFileType = sourcecode.c.h; path = KMeansMethods.h; sourceTree = "<group>"; };
		72951F2A190C819400618A74 /* libboost_atomic.dylib */ = {isa = PBXFileReference; lastKnownFileType = "compiled.mach-o.dylib"; name = libboost_atomic.dylib; path = /usr/local/packages/boost_1_53_0/lib/libboost_atomic.dylib; sourceTree = "<absolute>"; };
		72951F2B190C819400618A74 /* libboost_chrono.dylib */ = {isa = PBXFileReference; lastKnownFileType = "compiled.mach-o.dylib"; name = libboost_chrono.dylib; path = /usr/local/packages/boost_1_53_0/lib/libboost_chrono.dylib; sourceTree = "<absolute>"; };
		72951F2C190C819400618A74 /* libboost_context.dylib */ = {isa = PBXFileReference; lastKnownFileType = "compiled.mach-o.dylib"; name = libboost_context.dylib; path = /usr/local/packages/boost_1_53_0/lib/libboost_context.dylib; sourceTree = "<absolute>"; };
		72951F2D190C819400618A74 /* libboost_date_time.dylib */ = {isa = PBXFileReference; lastKnownFileType = "compiled.mach-o.dylib"; name = libboost_date_time.dylib; path = /usr/local/packages/boost_1_53_0/lib/libboost_date_time.dylib; sourceTree = "<absolute>"; };
		72951F2E190C819400618A74 /* libboost_filesystem.dylib */ = {isa = PBXFileReference; lastKnownFileType = "compiled.mach-o.dylib"; name = libboost_filesystem.dylib; path = /usr/local/packages/boost_1_53_0/lib/libboost_filesystem.dylib; sourceTree = "<absolute>"; };
		72951F2F190C819400618A74 /* libboost_graph.dylib */ = {isa = PBXFileReference; lastKnownFileType = "compiled.mach-o.dylib"; name = libboost_graph.dylib; path = /usr/local/packages/boost_1_53_0/lib/libboost_graph.dylib; sourceTree = "<absolute>"; };
		72951F30190C819400618A74 /* libboost_iostreams.dylib */ = {isa = PBXFileReference; lastKnownFileType = "compiled.mach-o.dylib"; name = libboost_iostreams.dylib; path = /usr/local/packages/boost_1_53_0/lib/libboost_iostreams.dylib; sourceTree = "<absolute>"; };
		72951F31190C819400618A74 /* libboost_locale.dylib */ = {isa = PBXFileReference; lastKnownFileType = "compiled.mach-o.dylib"; name = libboost_locale.dylib; path = /usr/local/packages/boost_1_53_0/lib/libboost_locale.dylib; sourceTree = "<absolute>"; };
		72951F32190C819400618A74 /* libboost_math_c99.dylib */ = {isa = PBXFileReference; lastKnownFileType = "compiled.mach-o.dylib"; name = libboost_math_c99.dylib; path = /usr/local/packages/boost_1_53_0/lib/libboost_math_c99.dylib; sourceTree = "<absolute>"; };
		72951F33190C819400618A74 /* libboost_math_c99f.dylib */ = {isa = PBXFileReference; lastKnownFileType = "compiled.mach-o.dylib"; name = libboost_math_c99f.dylib; path = /usr/local/packages/boost_1_53_0/lib/libboost_math_c99f.dylib; sourceTree = "<absolute>"; };
		72951F34190C819400618A74 /* libboost_math_c99l.dylib */ = {isa = PBXFileReference; lastKnownFileType = "compiled.mach-o.dylib"; name = libboost_math_c99l.dylib; path = /usr/local/packages/boost_1_53_0/lib/libboost_math_c99l.dylib; sourceTree = "<absolute>"; };
		72951F35190C819400618A74 /* libboost_math_tr1.dylib */ = {isa = PBXFileReference; lastKnownFileType = "compiled.mach-o.dylib"; name = libboost_math_tr1.dylib; path = /usr/local/packages/boost_1_53_0/lib/libboost_math_tr1.dylib; sourceTree = "<absolute>"; };
		72951F36190C819400618A74 /* libboost_math_tr1f.dylib */ = {isa = PBXFileReference; lastKnownFileType = "compiled.mach-o.dylib"; name = libboost_math_tr1f.dylib; path = /usr/local/packages/boost_1_53_0/lib/libboost_math_tr1f.dylib; sourceTree = "<absolute>"; };
		72951F37190C819400618A74 /* libboost_math_tr1l.dylib */ = {isa = PBXFileReference; lastKnownFileType = "compiled.mach-o.dylib"; name = libboost_math_tr1l.dylib; path = /usr/local/packages/boost_1_53_0/lib/libboost_math_tr1l.dylib; sourceTree = "<absolute>"; };
		72951F38190C819400618A74 /* libboost_prg_exec_monitor.dylib */ = {isa = PBXFileReference; lastKnownFileType = "compiled.mach-o.dylib"; name = libboost_prg_exec_monitor.dylib; path = /usr/local/packages/boost_1_53_0/lib/libboost_prg_exec_monitor.dylib; sourceTree = "<absolute>"; };
		72951F39190C819400618A74 /* libboost_program_options.dylib */ = {isa = PBXFileReference; lastKnownFileType = "compiled.mach-o.dylib"; name = libboost_program_options.dylib; path = /usr/local/packages/boost_1_53_0/lib/libboost_program_options.dylib; sourceTree = "<absolute>"; };
		72951F3A190C819400618A74 /* libboost_python.dylib */ = {isa = PBXFileReference; lastKnownFileType = "compiled.mach-o.dylib"; name = libboost_python.dylib; path = /usr/local/packages/boost_1_53_0/lib/libboost_python.dylib; sourceTree = "<absolute>"; };
		72951F3B190C819400618A74 /* libboost_random.dylib */ = {isa = PBXFileReference; lastKnownFileType = "compiled.mach-o.dylib"; name = libboost_random.dylib; path = /usr/local/packages/boost_1_53_0/lib/libboost_random.dylib; sourceTree = "<absolute>"; };
		72951F3C190C819400618A74 /* libboost_regex.dylib */ = {isa = PBXFileReference; lastKnownFileType = "compiled.mach-o.dylib"; name = libboost_regex.dylib; path = /usr/local/packages/boost_1_53_0/lib/libboost_regex.dylib; sourceTree = "<absolute>"; };
		72951F3D190C819400618A74 /* libboost_serialization.dylib */ = {isa = PBXFileReference; lastKnownFileType = "compiled.mach-o.dylib"; name = libboost_serialization.dylib; path = /usr/local/packages/boost_1_53_0/lib/libboost_serialization.dylib; sourceTree = "<absolute>"; };
		72951F3E190C819400618A74 /* libboost_signals.dylib */ = {isa = PBXFileReference; lastKnownFileType = "compiled.mach-o.dylib"; name = libboost_signals.dylib; path = /usr/local/packages/boost_1_53_0/lib/libboost_signals.dylib; sourceTree = "<absolute>"; };
		72951F3F190C819400618A74 /* libboost_system.dylib */ = {isa = PBXFileReference; lastKnownFileType = "compiled.mach-o.dylib"; name = libboost_system.dylib; path = /usr/local/packages/boost_1_53_0/lib/libboost_system.dylib; sourceTree = "<absolute>"; };
		72951F40190C819400618A74 /* libboost_thread.dylib */ = {isa = PBXFileReference; lastKnownFileType = "compiled.mach-o.dylib"; name = libboost_thread.dylib; path = /usr/local/packages/boost_1_53_0/lib/libboost_thread.dylib; sourceTree = "<absolute>"; };
		72951F41190C819400618A74 /* libboost_timer.dylib */ = {isa = PBXFileReference; lastKnownFileType = "compiled.mach-o.dylib"; name = libboost_timer.dylib; path = /usr/local/packages/boost_1_53_0/lib/libboost_timer.dylib; sourceTree = "<absolute>"; };
		72951F42190C819400618A74 /* libboost_unit_test_framework.dylib */ = {isa = PBXFileReference; lastKnownFileType = "compiled.mach-o.dylib"; name = libboost_unit_test_framework.dylib; path = /usr/local/packages/boost_1_53_0/lib/libboost_unit_test_framework.dylib; sourceTree = "<absolute>"; };
		72951F43190C819400618A74 /* libboost_wave.dylib */ = {isa = PBXFileReference; lastKnownFileType = "compiled.mach-o.dylib"; name = libboost_wave.dylib; path = /usr/local/packages/boost_1_53_0/lib/libboost_wave.dylib; sourceTree = "<absolute>"; };
		72951F44190C819400618A74 /* libboost_wserialization.dylib */ = {isa = PBXFileReference; lastKnownFileType = "compiled.mach-o.dylib"; name = libboost_wserialization.dylib; path = /usr/local/packages/boost_1_53_0/lib/libboost_wserialization.dylib; sourceTree = "<absolute>"; };
		72CA399C18F437A9001401AB /* CountObjects */ = {isa = PBXFileReference; explicitFileType = "compiled.mach-o.executable"; includeInIndex = 0; path = CountObjects; sourceTree = BUILT_PRODUCTS_DIR; };
		72CA399F18F437A9001401AB /* Canny.cpp */ = {isa = PBXFileReference; lastKnownFileType = sourcecode.cpp.cpp; path = Canny.cpp; sourceTree = "<group>"; };
		72CA39A118F437A9001401AB /* CountObjects.1 */ = {isa = PBXFileReference; lastKnownFileType = text.man; path = CountObjects.1; sourceTree = "<group>"; };
		72CA39AC18F457A1001401AB /* libopencv_calib3d.dylib */ = {isa = PBXFileReference; lastKnownFileType = "compiled.mach-o.dylib"; name = libopencv_calib3d.dylib; path = /usr/local/Cellar/opencv/2.4.7.1/lib/libopencv_calib3d.dylib; sourceTree = "<absolute>"; };
		72CA39AF18F457A1001401AB /* libopencv_contrib.dylib */ = {isa = PBXFileReference; lastKnownFileType = "compiled.mach-o.dylib"; name = libopencv_contrib.dylib; path = /usr/local/Cellar/opencv/2.4.7.1/lib/libopencv_contrib.dylib; sourceTree = "<absolute>"; };
		72CA39B218F457A1001401AB /* libopencv_core.dylib */ = {isa = PBXFileReference; lastKnownFileType = "compiled.mach-o.dylib"; name = libopencv_core.dylib; path = /usr/local/Cellar/opencv/2.4.7.1/lib/libopencv_core.dylib; sourceTree = "<absolute>"; };
		72CA39B518F457A1001401AB /* libopencv_features2d.dylib */ = {isa = PBXFileReference; lastKnownFileType = "compiled.mach-o.dylib"; name = libopencv_features2d.dylib; path = /usr/local/Cellar/opencv/2.4.7.1/lib/libopencv_features2d.dylib; sourceTree = "<absolute>"; };
		72CA39B818F457A1001401AB /* libopencv_flann.dylib */ = {isa = PBXFileReference; lastKnownFileType = "compiled.mach-o.dylib"; name = libopencv_flann.dylib; path = /usr/local/Cellar/opencv/2.4.7.1/lib/libopencv_flann.dylib; sourceTree = "<absolute>"; };
		72CA39BB18F457A1001401AB /* libopencv_gpu.dylib */ = {isa = PBXFileReference; lastKnownFileType = "compiled.mach-o.dylib"; name = libopencv_gpu.dylib; path = /usr/local/Cellar/opencv/2.4.7.1/lib/libopencv_gpu.dylib; sourceTree = "<absolute>"; };
		72CA39BE18F457A1001401AB /* libopencv_highgui.dylib */ = {isa = PBXFileReference; lastKnownFileType = "compiled.mach-o.dylib"; name = libopencv_highgui.dylib; path = /usr/local/Cellar/opencv/2.4.7.1/lib/libopencv_highgui.dylib; sourceTree = "<absolute>"; };
		72CA39C118F457A1001401AB /* libopencv_imgproc.dylib */ = {isa = PBXFileReference; lastKnownFileType = "compiled.mach-o.dylib"; name = libopencv_imgproc.dylib; path = /usr/local/Cellar/opencv/2.4.7.1/lib/libopencv_imgproc.dylib; sourceTree = "<absolute>"; };
		72CA39C418F457A1001401AB /* libopencv_legacy.dylib */ = {isa = PBXFileReference; lastKnownFileType = "compiled.mach-o.dylib"; name = libopencv_legacy.dylib; path = /usr/local/Cellar/opencv/2.4.7.1/lib/libopencv_legacy.dylib; sourceTree = "<absolute>"; };
		72CA39C718F457A1001401AB /* libopencv_ml.dylib */ = {isa = PBXFileReference; lastKnownFileType = "compiled.mach-o.dylib"; name = libopencv_ml.dylib; path = /usr/local/Cellar/opencv/2.4.7.1/lib/libopencv_ml.dylib; sourceTree = "<absolute>"; };
		72CA39CA18F457A1001401AB /* libopencv_nonfree.dylib */ = {isa = PBXFileReference; lastKnownFileType = "compiled.mach-o.dylib"; name = libopencv_nonfree.dylib; path = /usr/local/Cellar/opencv/2.4.7.1/lib/libopencv_nonfree.dylib; sourceTree = "<absolute>"; };
		72CA39CD18F457A1001401AB /* libopencv_objdetect.dylib */ = {isa = PBXFileReference; lastKnownFileType = "compiled.mach-o.dylib"; name = libopencv_objdetect.dylib; path = /usr/local/Cellar/opencv/2.4.7.1/lib/libopencv_objdetect.dylib; sourceTree = "<absolute>"; };
		72CA39D018F457A1001401AB /* libopencv_ocl.dylib */ = {isa = PBXFileReference; lastKnownFileType = "compiled.mach-o.dylib"; name = libopencv_ocl.dylib; path = /usr/local/Cellar/opencv/2.4.7.1/lib/libopencv_ocl.dylib; sourceTree = "<absolute>"; };
		72CA39D318F457A1001401AB /* libopencv_photo.dylib */ = {isa = PBXFileReference; lastKnownFileType = "compiled.mach-o.dylib"; name = libopencv_photo.dylib; path = /usr/local/Cellar/opencv/2.4.7.1/lib/libopencv_photo.dylib; sourceTree = "<absolute>"; };
		72CA39D618F457A1001401AB /* libopencv_stitching.dylib */ = {isa = PBXFileReference; lastKnownFileType = "compiled.mach-o.dylib"; name = libopencv_stitching.dylib; path = /usr/local/Cellar/opencv/2.4.7.1/lib/libopencv_stitching.dylib; sourceTree = "<absolute>"; };
		72CA39D918F457A1001401AB /* libopencv_superres.dylib */ = {isa = PBXFileReference; lastKnownFileType = "compiled.mach-o.dylib"; name = libopencv_superres.dylib; path = /usr/local/Cellar/opencv/2.4.7.1/lib/libopencv_superres.dylib; sourceTree = "<absolute>"; };
		72CA39DD18F457A1001401AB /* libopencv_video.dylib */ = {isa = PBXFileReference; lastKnownFileType = "compiled.mach-o.dylib"; name = libopencv_video.dylib; path = /usr/local/Cellar/opencv/2.4.7.1/lib/libopencv_video.dylib; sourceTree = "<absolute>"; };
		72CA39E018F457A1001401AB /* libopencv_videostab.dylib */ = {isa = PBXFileReference; lastKnownFileType = "compiled.mach-o.dylib"; name = libopencv_videostab.dylib; path = /usr/local/Cellar/opencv/2.4.7.1/lib/libopencv_videostab.dylib; sourceTree = "<absolute>"; };
		72CA3A1B18F45859001401AB /* CannyMethods.cpp */ = {isa = PBXFileReference; fileEncoding = 4; lastKnownFileType = sourcecode.cpp.cpp; path = CannyMethods.cpp; sourceTree = "<group>"; };
		72CA3A1C18F45859001401AB /* CannyMethods.h */ = {isa = PBXFileReference; fileEncoding = 4; lastKnownFileType = sourcecode.c.h; path = CannyMethods.h; sourceTree = "<group>"; };
		72F3FBF7190DE2AD00586A2C /* Moments.cpp */ = {isa = PBXFileReference; fileEncoding = 4; lastKnownFileType = sourcecode.cpp.cpp; path = Moments.cpp; sourceTree = "<group>"; };
		72F3FBF8190DE2AD00586A2C /* Moments.h */ = {isa = PBXFileReference; fileEncoding = 4; lastKnownFileType = sourcecode.c.h; path = Moments.h; sourceTree = "<group>"; };
/* End PBXFileReference section */

/* Begin PBXFrameworksBuildPhase section */
		72CA399918F437A9001401AB /* Frameworks */ = {
			isa = PBXFrameworksBuildPhase;
			buildActionMask = 2147483647;
			files = (
				72CA39E518F457A1001401AB /* libopencv_calib3d.dylib in Frameworks */,
				72CA39E818F457A1001401AB /* libopencv_contrib.dylib in Frameworks */,
				72CA39EB18F457A1001401AB /* libopencv_core.dylib in Frameworks */,
				72CA39EE18F457A1001401AB /* libopencv_features2d.dylib in Frameworks */,
				72CA39F118F457A1001401AB /* libopencv_flann.dylib in Frameworks */,
				72CA39F418F457A1001401AB /* libopencv_gpu.dylib in Frameworks */,
				72CA39F718F457A1001401AB /* libopencv_highgui.dylib in Frameworks */,
				72CA39FA18F457A1001401AB /* libopencv_imgproc.dylib in Frameworks */,
				72CA39FD18F457A1001401AB /* libopencv_legacy.dylib in Frameworks */,
				72CA3A0018F457A1001401AB /* libopencv_ml.dylib in Frameworks */,
				72CA3A0318F457A1001401AB /* libopencv_nonfree.dylib in Frameworks */,
				72CA3A0618F457A1001401AB /* libopencv_objdetect.dylib in Frameworks */,
				72CA3A0918F457A1001401AB /* libopencv_ocl.dylib in Frameworks */,
				72CA3A0C18F457A1001401AB /* libopencv_photo.dylib in Frameworks */,
				72CA3A0F18F457A1001401AB /* libopencv_stitching.dylib in Frameworks */,
				72CA3A1218F457A1001401AB /* libopencv_superres.dylib in Frameworks */,
				72CA3A1618F457A1001401AB /* libopencv_video.dylib in Frameworks */,
				72CA3A1918F457A1001401AB /* libopencv_videostab.dylib in Frameworks */,
				72951F45190C819400618A74 /* libboost_atomic.dylib in Frameworks */,
				72951F46190C819400618A74 /* libboost_chrono.dylib in Frameworks */,
				72951F47190C819400618A74 /* libboost_context.dylib in Frameworks */,
				72951F48190C819400618A74 /* libboost_date_time.dylib in Frameworks */,
				72951F49190C819500618A74 /* libboost_filesystem.dylib in Frameworks */,
				72951F4A190C819500618A74 /* libboost_graph.dylib in Frameworks */,
				72951F4B190C819500618A74 /* libboost_iostreams.dylib in Frameworks */,
				72951F4C190C819500618A74 /* libboost_locale.dylib in Frameworks */,
				72951F4D190C819500618A74 /* libboost_math_c99.dylib in Frameworks */,
				72951F4E190C819500618A74 /* libboost_math_c99f.dylib in Frameworks */,
				72951F4F190C819500618A74 /* libboost_math_c99l.dylib in Frameworks */,
				72951F50190C819500618A74 /* libboost_math_tr1.dylib in Frameworks */,
				72951F51190C819500618A74 /* libboost_math_tr1f.dylib in Frameworks */,
				72951F52190C819500618A74 /* libboost_math_tr1l.dylib in Frameworks */,
				72951F53190C819500618A74 /* libboost_prg_exec_monitor.dylib in Frameworks */,
				72951F54190C819500618A74 /* libboost_program_options.dylib in Frameworks */,
				72951F55190C819500618A74 /* libboost_python.dylib in Frameworks */,
				72951F56190C819500618A74 /* libboost_random.dylib in Frameworks */,
				72951F57190C819500618A74 /* libboost_regex.dylib in Frameworks */,
				72951F58190C819500618A74 /* libboost_serialization.dylib in Frameworks */,
				72951F59190C819500618A74 /* libboost_signals.dylib in Frameworks */,
				72951F5A190C819500618A74 /* libboost_system.dylib in Frameworks */,
				72951F5B190C819500618A74 /* libboost_thread.dylib in Frameworks */,
				72951F5C190C819500618A74 /* libboost_timer.dylib in Frameworks */,
				72951F5D190C819500618A74 /* libboost_unit_test_framework.dylib in Frameworks */,
				72951F5E190C819500618A74 /* libboost_wave.dylib in Frameworks */,
				72951F5F190C819500618A74 /* libboost_wserialization.dylib in Frameworks */,
			);
			runOnlyForDeploymentPostprocessing = 0;
		};
/* End PBXFrameworksBuildPhase section */

/* Begin PBXGroup section */
		72951F60190C81AE00618A74 /* Boost */ = {
			isa = PBXGroup;
			children = (
				72951F2A190C819400618A74 /* libboost_atomic.dylib */,
				72951F2B190C819400618A74 /* libboost_chrono.dylib */,
				72951F2C190C819400618A74 /* libboost_context.dylib */,
				72951F2D190C819400618A74 /* libboost_date_time.dylib */,
				72951F2E190C819400618A74 /* libboost_filesystem.dylib */,
				72951F2F190C819400618A74 /* libboost_graph.dylib */,
				72951F30190C819400618A74 /* libboost_iostreams.dylib */,
				72951F31190C819400618A74 /* libboost_locale.dylib */,
				72951F32190C819400618A74 /* libboost_math_c99.dylib */,
				72951F33190C819400618A74 /* libboost_math_c99f.dylib */,
				72951F34190C819400618A74 /* libboost_math_c99l.dylib */,
				72951F35190C819400618A74 /* libboost_math_tr1.dylib */,
				72951F36190C819400618A74 /* libboost_math_tr1f.dylib */,
				72951F37190C819400618A74 /* libboost_math_tr1l.dylib */,
				72951F38190C819400618A74 /* libboost_prg_exec_monitor.dylib */,
				72951F39190C819400618A74 /* libboost_program_options.dylib */,
				72951F3A190C819400618A74 /* libboost_python.dylib */,
				72951F3B190C819400618A74 /* libboost_random.dylib */,
				72951F3C190C819400618A74 /* libboost_regex.dylib */,
				72951F3D190C819400618A74 /* libboost_serialization.dylib */,
				72951F3E190C819400618A74 /* libboost_signals.dylib */,
				72951F3F190C819400618A74 /* libboost_system.dylib */,
				72951F40190C819400618A74 /* libboost_thread.dylib */,
				72951F41190C819400618A74 /* libboost_timer.dylib */,
				72951F42190C819400618A74 /* libboost_unit_test_framework.dylib */,
				72951F43190C819400618A74 /* libboost_wave.dylib */,
				72951F44190C819400618A74 /* libboost_wserialization.dylib */,
			);
			name = Boost;
			sourceTree = "<group>";
		};
		72CA399318F437A9001401AB = {
			isa = PBXGroup;
			children = (
				72951F60190C81AE00618A74 /* Boost */,
				72CA399E18F437A9001401AB /* CountObjects */,
				72CA3A1A18F457BE001401AB /* OpenCV */,
				72CA399D18F437A9001401AB /* Products */,
			);
			sourceTree = "<group>";
		};
		72CA399D18F437A9001401AB /* Products */ = {
			isa = PBXGroup;
			children = (
				72CA399C18F437A9001401AB /* CountObjects */,
			);
			name = Products;
			sourceTree = "<group>";
		};
		72CA399E18F437A9001401AB /* CountObjects */ = {
			isa = PBXGroup;
			children = (
				72F3FBF7190DE2AD00586A2C /* Moments.cpp */,
				72F3FBF8190DE2AD00586A2C /* Moments.h */,
				72951F24190C6CC400618A74 /* Archive.cpp */,
				72951F25190C6CC400618A74 /* Archive.hpp */,
				72951F26190C6CC400618A74 /* KMeansMethods.cpp */,
				72951F27190C6CC400618A74 /* KMeansMethods.h */,
				72951E96190C5DE600618A74 /* CountObjectsMethods.cpp */,
				72951E97190C5DE600618A74 /* CountObjectsMethods.h */,
				72951E98190C5DE600618A74 /* FloodFillMethods.cpp */,
				72951E99190C5DE600618A74 /* FloodFillMethods.h */,
				72951E9A190C5DE600618A74 /* main.cpp */,
				72951E9B190C5DE600618A74 /* Stack.cpp */,
				72951E9C190C5DE600618A74 /* Stack.hpp */,
				72CA399F18F437A9001401AB /* Canny.cpp */,
				72CA39A118F437A9001401AB /* CountObjects.1 */,
				72CA3A1B18F45859001401AB /* CannyMethods.cpp */,
				72CA3A1C18F45859001401AB /* CannyMethods.h */,
			);
			path = CountObjects;
			sourceTree = "<group>";
		};
		72CA3A1A18F457BE001401AB /* OpenCV */ = {
			isa = PBXGroup;
			children = (
				72CA39AC18F457A1001401AB /* libopencv_calib3d.dylib */,
				72CA39AF18F457A1001401AB /* libopencv_contrib.dylib */,
				72CA39B218F457A1001401AB /* libopencv_core.dylib */,
				72CA39B518F457A1001401AB /* libopencv_features2d.dylib */,
				72CA39B818F457A1001401AB /* libopencv_flann.dylib */,
				72CA39BB18F457A1001401AB /* libopencv_gpu.dylib */,
				72CA39BE18F457A1001401AB /* libopencv_highgui.dylib */,
				72CA39C118F457A1001401AB /* libopencv_imgproc.dylib */,
				72CA39C418F457A1001401AB /* libopencv_legacy.dylib */,
				72CA39C718F457A1001401AB /* libopencv_ml.dylib */,
				72CA39CA18F457A1001401AB /* libopencv_nonfree.dylib */,
				72CA39CD18F457A1001401AB /* libopencv_objdetect.dylib */,
				72CA39D018F457A1001401AB /* libopencv_ocl.dylib */,
				72CA39D318F457A1001401AB /* libopencv_photo.dylib */,
				72CA39D618F457A1001401AB /* libopencv_stitching.dylib */,
				72CA39D918F457A1001401AB /* libopencv_superres.dylib */,
				72CA39DD18F457A1001401AB /* libopencv_video.dylib */,
				72CA39E018F457A1001401AB /* libopencv_videostab.dylib */,
			);
			name = OpenCV;
			sourceTree = "<group>";
		};
/* End PBXGroup section */

/* Begin PBXNativeTarget section */
		72CA399B18F437A9001401AB /* CountObjects */ = {
			isa = PBXNativeTarget;
			buildConfigurationList = 72CA39A518F437A9001401AB /* Build configuration list for PBXNativeTarget "CountObjects" */;
			buildPhases = (
				72CA399818F437A9001401AB /* Sources */,
				72CA399918F437A9001401AB /* Frameworks */,
				72CA399A18F437A9001401AB /* CopyFiles */,
			);
			buildRules = (
			);
			dependencies = (
			);
			name = CountObjects;
			productName = CountObjects;
			productReference = 72CA399C18F437A9001401AB /* CountObjects */;
			productType = "com.apple.product-type.tool";
		};
/* End PBXNativeTarget section */

/* Begin PBXProject section */
		72CA399418F437A9001401AB /* Project object */ = {
			isa = PBXProject;
			attributes = {
				LastUpgradeCheck = 0510;
				ORGANIZATIONNAME = "Donald Johnson";
			};
			buildConfigurationList = 72CA399718F437A9001401AB /* Build configuration list for PBXProject "CountObjects" */;
			compatibilityVersion = "Xcode 3.2";
			developmentRegion = English;
			hasScannedForEncodings = 0;
			knownRegions = (
				en,
			);
			mainGroup = 72CA399318F437A9001401AB;
			productRefGroup = 72CA399D18F437A9001401AB /* Products */;
			projectDirPath = "";
			projectRoot = "";
			targets = (
				72CA399B18F437A9001401AB /* CountObjects */,
			);
		};
/* End PBXProject section */

/* Begin PBXSourcesBuildPhase section */
		72CA399818F437A9001401AB /* Sources */ = {
			isa = PBXSourcesBuildPhase;
			buildActionMask = 2147483647;
			files = (
				72951E9E190C5DE600618A74 /* FloodFillMethods.cpp in Sources */,
				72951F28190C6CC400618A74 /* Archive.cpp in Sources */,
				72951E9D190C5DE600618A74 /* CountObjectsMethods.cpp in Sources */,
				72951EA0190C5DE600618A74 /* Stack.cpp in Sources */,
				72F3FBF9190DE2AD00586A2C /* Moments.cpp in Sources */,
				72CA3A1D18F45859001401AB /* CannyMethods.cpp in Sources */,
				72951F29190C6CC400618A74 /* KMeansMethods.cpp in Sources */,
				72951E9F190C5DE600618A74 /* main.cpp in Sources */,
				72CA39A018F437A9001401AB /* Canny.cpp in Sources */,
			);
			runOnlyForDeploymentPostprocessing = 0;
		};
/* End PBXSourcesBuildPhase section */

/* Begin XCBuildConfiguration section */
		72CA39A318F437A9001401AB /* Debug */ = {
			isa = XCBuildConfiguration;
			buildSettings = {
				ALWAYS_SEARCH_USER_PATHS = NO;
				CLANG_CXX_LANGUAGE_STANDARD = "gnu++0x";
				CLANG_CXX_LIBRARY = "libc++";
				CLANG_ENABLE_MODULES = YES;
				CLANG_ENABLE_OBJC_ARC = YES;
				CLANG_WARN_BOOL_CONVERSION = YES;
				CLANG_WARN_CONSTANT_CONVERSION = YES;
				CLANG_WARN_DIRECT_OBJC_ISA_USAGE = YES_ERROR;
				CLANG_WARN_EMPTY_BODY = YES;
				CLANG_WARN_ENUM_CONVERSION = YES;
				CLANG_WARN_INT_CONVERSION = YES;
				CLANG_WARN_OBJC_ROOT_CLASS = YES_ERROR;
				CLANG_WARN__DUPLICATE_METHOD_MATCH = YES;
				COPY_PHASE_STRIP = NO;
				GCC_C_LANGUAGE_STANDARD = gnu99;
				GCC_DYNAMIC_NO_PIC = NO;
				GCC_ENABLE_OBJC_EXCEPTIONS = YES;
				GCC_OPTIMIZATION_LEVEL = 0;
				GCC_PREPROCESSOR_DEFINITIONS = (
					"DEBUG=1",
					"$(inherited)",
				);
				GCC_SYMBOLS_PRIVATE_EXTERN = NO;
				GCC_WARN_64_TO_32_BIT_CONVERSION = YES;
				GCC_WARN_ABOUT_RETURN_TYPE = YES_ERROR;
				GCC_WARN_UNDECLARED_SELECTOR = YES;
				GCC_WARN_UNINITIALIZED_AUTOS = YES_AGGRESSIVE;
				GCC_WARN_UNUSED_FUNCTION = YES;
				GCC_WARN_UNUSED_VARIABLE = YES;
				HEADER_SEARCH_PATHS = (
					/usr/local/Cellar/opencv/2.4.7.1/include,
					/Users/donj/workspace/cs585/Morphology/FloodFill/FloodFill,
					/Users/donj/workspace/cs585/Morphology/KMeans/KMeans,
					/usr/local/packages/boost_1_53_0/include,
				);
				LIBRARY_SEARCH_PATHS = (
					/usr/local/Cellar/opencv/2.4.7.1/lib,
					/usr/local/packages/boost_1_53_0/lib,
				);
				MACOSX_DEPLOYMENT_TARGET = 10.9;
				ONLY_ACTIVE_ARCH = YES;
				SDKROOT = macosx;
			};
			name = Debug;
		};
		72CA39A418F437A9001401AB /* Release */ = {
			isa = XCBuildConfiguration;
			buildSettings = {
				ALWAYS_SEARCH_USER_PATHS = NO;
				CLANG_CXX_LANGUAGE_STANDARD = "gnu++0x";
				CLANG_CXX_LIBRARY = "libc++";
				CLANG_ENABLE_MODULES = YES;
				CLANG_ENABLE_OBJC_ARC = YES;
				CLANG_WARN_BOOL_CONVERSION = YES;
				CLANG_WARN_CONSTANT_CONVERSION = YES;
				CLANG_WARN_DIRECT_OBJC_ISA_USAGE = YES_ERROR;
				CLANG_WARN_EMPTY_BODY = YES;
				CLANG_WARN_ENUM_CONVERSION = YES;
				CLANG_WARN_INT_CONVERSION = YES;
				CLANG_WARN_OBJC_ROOT_CLASS = YES_ERROR;
				CLANG_WARN__DUPLICATE_METHOD_MATCH = YES;
				COPY_PHASE_STRIP = YES;
				DEBUG_INFORMATION_FORMAT = "dwarf-with-dsym";
				ENABLE_NS_ASSERTIONS = NO;
				GCC_C_LANGUAGE_STANDARD = gnu99;
				GCC_ENABLE_OBJC_EXCEPTIONS = YES;
				GCC_WARN_64_TO_32_BIT_CONVERSION = YES;
				GCC_WARN_ABOUT_RETURN_TYPE = YES_ERROR;
				GCC_WARN_UNDECLARED_SELECTOR = YES;
				GCC_WARN_UNINITIALIZED_AUTOS = YES_AGGRESSIVE;
				GCC_WARN_UNUSED_FUNCTION = YES;
				GCC_WARN_UNUSED_VARIABLE = YES;
				HEADER_SEARCH_PATHS = (
					/usr/local/Cellar/opencv/2.4.7.1/include,
					/Users/donj/workspace/cs585/Morphology/FloodFill/FloodFill,
					/Users/donj/workspace/cs585/Morphology/KMeans/KMeans,
					/usr/local/packages/boost_1_53_0/include,
				);
				LIBRARY_SEARCH_PATHS = (
					/usr/local/Cellar/opencv/2.4.7.1/lib,
					/usr/local/packages/boost_1_53_0/lib,
				);
				MACOSX_DEPLOYMENT_TARGET = 10.9;
				SDKROOT = macosx;
			};
			name = Release;
		};
		72CA39A618F437A9001401AB /* Debug */ = {
			isa = XCBuildConfiguration;
			buildSettings = {
				HEADER_SEARCH_PATHS = (
					/usr/local/Cellar/opencv/2.4.7.1/include,
					/Users/donj/workspace/cs585/Morphology/FloodFill/FloodFill,
					/Users/donj/workspace/cs585/Morphology/KMeans/KMeans,
					/usr/local/packages/boost_1_53_0/include,
				);
				LIBRARY_SEARCH_PATHS = (
					/usr/local/Cellar/opencv/2.4.7.1/lib,
					/usr/local/packages/boost_1_53_0/lib,
				);
				PRODUCT_NAME = "$(TARGET_NAME)";
			};
			name = Debug;
		};
		72CA39A718F437A9001401AB /* Release */ = {
			isa = XCBuildConfiguration;
			buildSettings = {
				HEADER_SEARCH_PATHS = (
					/usr/local/Cellar/opencv/2.4.7.1/include,
					/Users/donj/workspace/cs585/Morphology/FloodFill/FloodFill,
					/Users/donj/workspace/cs585/Morphology/KMeans/KMeans,
					/usr/local/packages/boost_1_53_0/include,
				);
				LIBRARY_SEARCH_PATHS = (
					/usr/local/Cellar/opencv/2.4.7.1/lib,
					/usr/local/packages/boost_1_53_0/lib,
				);
				PRODUCT_NAME = "$(TARGET_NAME)";
			};
			name = Release;
		};
/* End XCBuildConfiguration section */

/* Begin XCConfigurationList section */
		72CA399718F437A9001401AB /* Build configuration list for PBXProject "CountObjects" */ = {
			isa = XCConfigurationList;
			buildConfigurations = (
				72CA39A318F437A9001401AB /* Debug */,
				72CA39A418F437A9001401AB /* Release */,
			);
			defaultConfigurationIsVisible = 0;
			defaultConfigurationName = Release;
		};
		72CA39A518F437A9001401AB /* Build configuration list for PBXNativeTarget "CountObjects" */ = {
			isa = XCConfigurationList;
			buildConfigurations = (
				72CA39A618F437A9001401AB /* Debug */,
				72CA39A718F437A9001401AB /* Release */,
			);
			defaultConfigurationIsVisible = 0;
			defaultConfigurationName = Release;
		};
/* End XCConfigurationList section */
	};
	rootObject = 72CA399418F437A9001401AB /* Project object */;
}
